
Microsoft Visual Studio Solution File, Format Version 12.00
# Visual Studio Version 16
VisualStudioVersion = 16.0.29709.97
MinimumVisualStudioVersion = 10.0.40219.1
Project("{2150E333-8FDC-42A3-9474-1A3956D46DE8}") = "Ch01", "Ch01", "{80D51FB8-FEE5-4022-A587-749E6845E8A7}"
EndProject
Project("{8BC9CEB8-8B4A-11D0-8D11-00A0C91BC942}") = "firstApp", "firstApp\firstApp.vcxproj", "{BA0F0C5F-04D5-43AF-9CFF-2B7A322570CD}"
EndProject
Project("{8BC9CEB8-8B4A-11D0-8D11-00A0C91BC942}") = "TemplateTest", "TemplateTest\TemplateTest.vcxproj", "{FD1C9798-487D-4464-A9F9-5FD490E1136A}"
EndProject
Project("{2150E333-8FDC-42A3-9474-1A3956D46DE8}") = "Ch03", "Ch03", "{C37FC744-3470-4970-A801-5E7CF3BF9D89}"
EndProject
Project("{8BC9CEB8-8B4A-11D0-8D11-00A0C91BC942}") = "VarTest1", "VarTest1\VarTest1.vcxproj", "{05441C94-8095-4CC4-BBFA-532A7CA505DC}"
EndProject
Project("{8BC9CEB8-8B4A-11D0-8D11-00A0C91BC942}") = "String Test", "String Test\String Test.vcxproj", "{F98B0164-10CF-491C-ADED-608F8A390E2D}"
EndProject
Project("{8BC9CEB8-8B4A-11D0-8D11-00A0C91BC942}") = "InputTest", "InputTest\InputTest.vcxproj", "{5EDFCBD3-26B0-4A17-BFC6-0EADE9774733}"
EndProject
Project("{2150E333-8FDC-42A3-9474-1A3956D46DE8}") = "Ch04", "Ch04", "{3CC2E5F1-5934-484D-B70D-A15F81BFD6AA}"
EndProject
Project("{8BC9CEB8-8B4A-11D0-8D11-00A0C91BC942}") = "DivideTest", "DivideTest\DivideTest.vcxproj", "{4CE63344-4F15-461B-BAD9-427F77ADBF05}"
EndProject
Project("{8BC9CEB8-8B4A-11D0-8D11-00A0C91BC942}") = "CastTest", "CastTest\CastTest.vcxproj", "{77FBB5E2-85F5-4318-9DD6-48EC99E1689B}"
EndProject
Project("{8BC9CEB8-8B4A-11D0-8D11-00A0C91BC942}") = "optestapp", "optestapp\optestapp.vcxproj", "{26EAC8B9-889A-4EC5-BD08-E7A399A83120}"
EndProject
Project("{2150E333-8FDC-42A3-9474-1A3956D46DE8}") = "Ch05", "Ch05", "{0E111C18-C0AB-4A25-8C47-2034601465D0}"
EndProject
Project("{8BC9CEB8-8B4A-11D0-8D11-00A0C91BC942}") = "IfTestApp", "IfTestApp\IfTestApp.vcxproj", "{AD3661B2-35F5-4C16-9FC5-E6496C176435}"
EndProject
Project("{8BC9CEB8-8B4A-11D0-8D11-00A0C91BC942}") = "SwitchTestApp", "SwitchTestApp\SwitchTestApp.vcxproj", "{E9A48A8A-45D0-443D-9E4E-A574909D3351}"
EndProject
Project("{8BC9CEB8-8B4A-11D0-8D11-00A0C91BC942}") = "WhileTestApp", "WhileTestApp\WhileTestApp.vcxproj", "{58E09AC6-6EA4-495E-9995-FE1EE9340093}"
EndProject
Project("{8BC9CEB8-8B4A-11D0-8D11-00A0C91BC942}") = "ForTestApp", "ForTestApp\ForTestApp.vcxproj", "{A0E07257-1051-4620-AB76-D1093E0590D4}"
EndProject
Project("{8BC9CEB8-8B4A-11D0-8D11-00A0C91BC942}") = "MultitableApp", "MultitableApp\MultitableApp.vcxproj", "{4F3A4E9D-3E27-494B-BDF6-79430006B0F4}"
EndProject
Project("{2150E333-8FDC-42A3-9474-1A3956D46DE8}") = "Ch07", "Ch07", "{7906D7B4-6FDD-47FE-9085-E1B74F33A86C}"
EndProject
Project("{8BC9CEB8-8B4A-11D0-8D11-00A0C91BC942}") = "FuncTestApp", "FuncTestApp\FuncTestApp.vcxproj", "{D0C47BE1-6557-41D6-92CF-BDEBABB2A841}"
EndProject
Project("{2150E333-8FDC-42A3-9474-1A3956D46DE8}") = "Ch08", "Ch08", "{A31F8C4A-0D7F-4ABD-98D1-A807AE074BC7}"
EndProject
Project("{8BC9CEB8-8B4A-11D0-8D11-00A0C91BC942}") = "ArrayTestApp", "ArrayTestApp\ArrayTestApp.vcxproj", "{441F7FF2-71D3-4469-9AEF-B428CDA4F4EA}"
EndProject
Project("{8BC9CEB8-8B4A-11D0-8D11-00A0C91BC942}") = "StringTestApp", "ChrArrTestApp\ChrArrTestApp.vcxproj", "{C44F4A4B-49B7-4AFA-9E10-69EF7BEFD53C}"
EndProject
Project("{8BC9CEB8-8B4A-11D0-8D11-00A0C91BC942}") = "확인문제3번", "3\3.vcxproj", "{4FCD590A-4879-4168-B090-7C6F91D2B835}"
EndProject
Project("{2150E333-8FDC-42A3-9474-1A3956D46DE8}") = "Ch09", "Ch09", "{02BAC693-E18F-4361-B909-0F08C796A3F5}"
EndProject
Project("{8BC9CEB8-8B4A-11D0-8D11-00A0C91BC942}") = "PointerTestApp", "PointerTestApp\PointerTestApp.vcxproj", "{310DC65B-F4A1-4D59-9F26-C96F223A75CE}"
EndProject
Project("{8BC9CEB8-8B4A-11D0-8D11-00A0C91BC942}") = "SwapTestApp", "SwapTestApp\SwapTestApp.vcxproj", "{84AAC600-AB85-442F-B6DA-F9CF62875576}"
EndProject
Global
	GlobalSection(SolutionConfigurationPlatforms) = preSolution
		Debug|x64 = Debug|x64
		Debug|x86 = Debug|x86
		Release|x64 = Release|x64
		Release|x86 = Release|x86
	EndGlobalSection
	GlobalSection(ProjectConfigurationPlatforms) = postSolution
		{BA0F0C5F-04D5-43AF-9CFF-2B7A322570CD}.Debug|x64.ActiveCfg = Debug|x64
		{BA0F0C5F-04D5-43AF-9CFF-2B7A322570CD}.Debug|x64.Build.0 = Debug|x64
		{BA0F0C5F-04D5-43AF-9CFF-2B7A322570CD}.Debug|x86.ActiveCfg = Debug|Win32
		{BA0F0C5F-04D5-43AF-9CFF-2B7A322570CD}.Debug|x86.Build.0 = Debug|Win32
		{BA0F0C5F-04D5-43AF-9CFF-2B7A322570CD}.Release|x64.ActiveCfg = Release|x64
		{BA0F0C5F-04D5-43AF-9CFF-2B7A322570CD}.Release|x64.Build.0 = Release|x64
		{BA0F0C5F-04D5-43AF-9CFF-2B7A322570CD}.Release|x86.ActiveCfg = Release|Win32
		{BA0F0C5F-04D5-43AF-9CFF-2B7A322570CD}.Release|x86.Build.0 = Release|Win32
		{FD1C9798-487D-4464-A9F9-5FD490E1136A}.Debug|x64.ActiveCfg = Debug|x64
		{FD1C9798-487D-4464-A9F9-5FD490E1136A}.Debug|x64.Build.0 = Debug|x64
		{FD1C9798-487D-4464-A9F9-5FD490E1136A}.Debug|x86.ActiveCfg = Debug|Win32
		{FD1C9798-487D-4464-A9F9-5FD490E1136A}.Debug|x86.Build.0 = Debug|Win32
		{FD1C9798-487D-4464-A9F9-5FD490E1136A}.Release|x64.ActiveCfg = Release|x64
		{FD1C9798-487D-4464-A9F9-5FD490E1136A}.Release|x64.Build.0 = Release|x64
		{FD1C9798-487D-4464-A9F9-5FD490E1136A}.Release|x86.ActiveCfg = Release|Win32
		{FD1C9798-487D-4464-A9F9-5FD490E1136A}.Release|x86.Build.0 = Release|Win32
		{05441C94-8095-4CC4-BBFA-532A7CA505DC}.Debug|x64.ActiveCfg = Debug|x64
		{05441C94-8095-4CC4-BBFA-532A7CA505DC}.Debug|x64.Build.0 = Debug|x64
		{05441C94-8095-4CC4-BBFA-532A7CA505DC}.Debug|x86.ActiveCfg = Debug|Win32
		{05441C94-8095-4CC4-BBFA-532A7CA505DC}.Debug|x86.Build.0 = Debug|Win32
		{05441C94-8095-4CC4-BBFA-532A7CA505DC}.Release|x64.ActiveCfg = Release|x64
		{05441C94-8095-4CC4-BBFA-532A7CA505DC}.Release|x64.Build.0 = Release|x64
		{05441C94-8095-4CC4-BBFA-532A7CA505DC}.Release|x86.ActiveCfg = Release|Win32
		{05441C94-8095-4CC4-BBFA-532A7CA505DC}.Release|x86.Build.0 = Release|Win32
		{F98B0164-10CF-491C-ADED-608F8A390E2D}.Debug|x64.ActiveCfg = Debug|x64
		{F98B0164-10CF-491C-ADED-608F8A390E2D}.Debug|x64.Build.0 = Debug|x64
		{F98B0164-10CF-491C-ADED-608F8A390E2D}.Debug|x86.ActiveCfg = Debug|Win32
		{F98B0164-10CF-491C-ADED-608F8A390E2D}.Debug|x86.Build.0 = Debug|Win32
		{F98B0164-10CF-491C-ADED-608F8A390E2D}.Release|x64.ActiveCfg = Release|x64
		{F98B0164-10CF-491C-ADED-608F8A390E2D}.Release|x64.Build.0 = Release|x64
		{F98B0164-10CF-491C-ADED-608F8A390E2D}.Release|x86.ActiveCfg = Release|Win32
		{F98B0164-10CF-491C-ADED-608F8A390E2D}.Release|x86.Build.0 = Release|Win32
		{5EDFCBD3-26B0-4A17-BFC6-0EADE9774733}.Debug|x64.ActiveCfg = Debug|x64
		{5EDFCBD3-26B0-4A17-BFC6-0EADE9774733}.Debug|x64.Build.0 = Debug|x64
		{5EDFCBD3-26B0-4A17-BFC6-0EADE9774733}.Debug|x86.ActiveCfg = Debug|Win32
		{5EDFCBD3-26B0-4A17-BFC6-0EADE9774733}.Debug|x86.Build.0 = Debug|Win32
		{5EDFCBD3-26B0-4A17-BFC6-0EADE9774733}.Release|x64.ActiveCfg = Release|x64
		{5EDFCBD3-26B0-4A17-BFC6-0EADE9774733}.Release|x64.Build.0 = Release|x64
		{5EDFCBD3-26B0-4A17-BFC6-0EADE9774733}.Release|x86.ActiveCfg = Release|Win32
		{5EDFCBD3-26B0-4A17-BFC6-0EADE9774733}.Release|x86.Build.0 = Release|Win32
		{4CE63344-4F15-461B-BAD9-427F77ADBF05}.Debug|x64.ActiveCfg = Debug|x64
		{4CE63344-4F15-461B-BAD9-427F77ADBF05}.Debug|x64.Build.0 = Debug|x64
		{4CE63344-4F15-461B-BAD9-427F77ADBF05}.Debug|x86.ActiveCfg = Debug|Win32
		{4CE63344-4F15-461B-BAD9-427F77ADBF05}.Debug|x86.Build.0 = Debug|Win32
		{4CE63344-4F15-461B-BAD9-427F77ADBF05}.Release|x64.ActiveCfg = Release|x64
		{4CE63344-4F15-461B-BAD9-427F77ADBF05}.Release|x64.Build.0 = Release|x64
		{4CE63344-4F15-461B-BAD9-427F77ADBF05}.Release|x86.ActiveCfg = Release|Win32
		{4CE63344-4F15-461B-BAD9-427F77ADBF05}.Release|x86.Build.0 = Release|Win32
		{77FBB5E2-85F5-4318-9DD6-48EC99E1689B}.Debug|x64.ActiveCfg = Debug|x64
		{77FBB5E2-85F5-4318-9DD6-48EC99E1689B}.Debug|x64.Build.0 = Debug|x64
		{77FBB5E2-85F5-4318-9DD6-48EC99E1689B}.Debug|x86.ActiveCfg = Debug|Win32
		{77FBB5E2-85F5-4318-9DD6-48EC99E1689B}.Debug|x86.Build.0 = Debug|Win32
		{77FBB5E2-85F5-4318-9DD6-48EC99E1689B}.Release|x64.ActiveCfg = Release|x64
		{77FBB5E2-85F5-4318-9DD6-48EC99E1689B}.Release|x64.Build.0 = Release|x64
		{77FBB5E2-85F5-4318-9DD6-48EC99E1689B}.Release|x86.ActiveCfg = Release|Win32
		{77FBB5E2-85F5-4318-9DD6-48EC99E1689B}.Release|x86.Build.0 = Release|Win32
		{26EAC8B9-889A-4EC5-BD08-E7A399A83120}.Debug|x64.ActiveCfg = Debug|x64
		{26EAC8B9-889A-4EC5-BD08-E7A399A83120}.Debug|x64.Build.0 = Debug|x64
		{26EAC8B9-889A-4EC5-BD08-E7A399A83120}.Debug|x86.ActiveCfg = Debug|Win32
		{26EAC8B9-889A-4EC5-BD08-E7A399A83120}.Debug|x86.Build.0 = Debug|Win32
		{26EAC8B9-889A-4EC5-BD08-E7A399A83120}.Release|x64.ActiveCfg = Release|x64
		{26EAC8B9-889A-4EC5-BD08-E7A399A83120}.Release|x64.Build.0 = Release|x64
		{26EAC8B9-889A-4EC5-BD08-E7A399A83120}.Release|x86.ActiveCfg = Release|Win32
		{26EAC8B9-889A-4EC5-BD08-E7A399A83120}.Release|x86.Build.0 = Release|Win32
		{AD3661B2-35F5-4C16-9FC5-E6496C176435}.Debug|x64.ActiveCfg = Debug|x64
		{AD3661B2-35F5-4C16-9FC5-E6496C176435}.Debug|x64.Build.0 = Debug|x64
		{AD3661B2-35F5-4C16-9FC5-E6496C176435}.Debug|x86.ActiveCfg = Debug|Win32
		{AD3661B2-35F5-4C16-9FC5-E6496C176435}.Debug|x86.Build.0 = Debug|Win32
		{AD3661B2-35F5-4C16-9FC5-E6496C176435}.Release|x64.ActiveCfg = Release|x64
		{AD3661B2-35F5-4C16-9FC5-E6496C176435}.Release|x64.Build.0 = Release|x64
		{AD3661B2-35F5-4C16-9FC5-E6496C176435}.Release|x86.ActiveCfg = Release|Win32
		{AD3661B2-35F5-4C16-9FC5-E6496C176435}.Release|x86.Build.0 = Release|Win32
		{E9A48A8A-45D0-443D-9E4E-A574909D3351}.Debug|x64.ActiveCfg = Debug|x64
		{E9A48A8A-45D0-443D-9E4E-A574909D3351}.Debug|x64.Build.0 = Debug|x64
		{E9A48A8A-45D0-443D-9E4E-A574909D3351}.Debug|x86.ActiveCfg = Debug|Win32
		{E9A48A8A-45D0-443D-9E4E-A574909D3351}.Debug|x86.Build.0 = Debug|Win32
		{E9A48A8A-45D0-443D-9E4E-A574909D3351}.Release|x64.ActiveCfg = Release|x64
		{E9A48A8A-45D0-443D-9E4E-A574909D3351}.Release|x64.Build.0 = Release|x64
		{E9A48A8A-45D0-443D-9E4E-A574909D3351}.Release|x86.ActiveCfg = Release|Win32
		{E9A48A8A-45D0-443D-9E4E-A574909D3351}.Release|x86.Build.0 = Release|Win32
		{58E09AC6-6EA4-495E-9995-FE1EE9340093}.Debug|x64.ActiveCfg = Debug|x64
		{58E09AC6-6EA4-495E-9995-FE1EE9340093}.Debug|x64.Build.0 = Debug|x64
		{58E09AC6-6EA4-495E-9995-FE1EE9340093}.Debug|x86.ActiveCfg = Debug|Win32
		{58E09AC6-6EA4-495E-9995-FE1EE9340093}.Debug|x86.Build.0 = Debug|Win32
		{58E09AC6-6EA4-495E-9995-FE1EE9340093}.Release|x64.ActiveCfg = Release|x64
		{58E09AC6-6EA4-495E-9995-FE1EE9340093}.Release|x64.Build.0 = Release|x64
		{58E09AC6-6EA4-495E-9995-FE1EE9340093}.Release|x86.ActiveCfg = Release|Win32
		{58E09AC6-6EA4-495E-9995-FE1EE9340093}.Release|x86.Build.0 = Release|Win32
		{A0E07257-1051-4620-AB76-D1093E0590D4}.Debug|x64.ActiveCfg = Debug|x64
		{A0E07257-1051-4620-AB76-D1093E0590D4}.Debug|x64.Build.0 = Debug|x64
		{A0E07257-1051-4620-AB76-D1093E0590D4}.Debug|x86.ActiveCfg = Debug|Win32
		{A0E07257-1051-4620-AB76-D1093E0590D4}.Debug|x86.Build.0 = Debug|Win32
		{A0E07257-1051-4620-AB76-D1093E0590D4}.Release|x64.ActiveCfg = Release|x64
		{A0E07257-1051-4620-AB76-D1093E0590D4}.Release|x64.Build.0 = Release|x64
		{A0E07257-1051-4620-AB76-D1093E0590D4}.Release|x86.ActiveCfg = Release|Win32
		{A0E07257-1051-4620-AB76-D1093E0590D4}.Release|x86.Build.0 = Release|Win32
		{4F3A4E9D-3E27-494B-BDF6-79430006B0F4}.Debug|x64.ActiveCfg = Debug|x64
		{4F3A4E9D-3E27-494B-BDF6-79430006B0F4}.Debug|x64.Build.0 = Debug|x64
		{4F3A4E9D-3E27-494B-BDF6-79430006B0F4}.Debug|x86.ActiveCfg = Debug|Win32
		{4F3A4E9D-3E27-494B-BDF6-79430006B0F4}.Debug|x86.Build.0 = Debug|Win32
		{4F3A4E9D-3E27-494B-BDF6-79430006B0F4}.Release|x64.ActiveCfg = Release|x64
		{4F3A4E9D-3E27-494B-BDF6-79430006B0F4}.Release|x64.Build.0 = Release|x64
		{4F3A4E9D-3E27-494B-BDF6-79430006B0F4}.Release|x86.ActiveCfg = Release|Win32
		{4F3A4E9D-3E27-494B-BDF6-79430006B0F4}.Release|x86.Build.0 = Release|Win32
		{D0C47BE1-6557-41D6-92CF-BDEBABB2A841}.Debug|x64.ActiveCfg = Debug|x64
		{D0C47BE1-6557-41D6-92CF-BDEBABB2A841}.Debug|x64.Build.0 = Debug|x64
		{D0C47BE1-6557-41D6-92CF-BDEBABB2A841}.Debug|x86.ActiveCfg = Debug|Win32
		{D0C47BE1-6557-41D6-92CF-BDEBABB2A841}.Debug|x86.Build.0 = Debug|Win32
		{D0C47BE1-6557-41D6-92CF-BDEBABB2A841}.Release|x64.ActiveCfg = Release|x64
		{D0C47BE1-6557-41D6-92CF-BDEBABB2A841}.Release|x64.Build.0 = Release|x64
		{D0C47BE1-6557-41D6-92CF-BDEBABB2A841}.Release|x86.ActiveCfg = Release|Win32
		{D0C47BE1-6557-41D6-92CF-BDEBABB2A841}.Release|x86.Build.0 = Release|Win32
		{441F7FF2-71D3-4469-9AEF-B428CDA4F4EA}.Debug|x64.ActiveCfg = Debug|x64
		{441F7FF2-71D3-4469-9AEF-B428CDA4F4EA}.Debug|x64.Build.0 = Debug|x64
		{441F7FF2-71D3-4469-9AEF-B428CDA4F4EA}.Debug|x86.ActiveCfg = Debug|Win32
		{441F7FF2-71D3-4469-9AEF-B428CDA4F4EA}.Debug|x86.Build.0 = Debug|Win32
		{441F7FF2-71D3-4469-9AEF-B428CDA4F4EA}.Release|x64.ActiveCfg = Release|x64
		{441F7FF2-71D3-4469-9AEF-B428CDA4F4EA}.Release|x64.Build.0 = Release|x64
		{441F7FF2-71D3-4469-9AEF-B428CDA4F4EA}.Release|x86.ActiveCfg = Release|Win32
		{441F7FF2-71D3-4469-9AEF-B428CDA4F4EA}.Release|x86.Build.0 = Release|Win32
		{C44F4A4B-49B7-4AFA-9E10-69EF7BEFD53C}.Debug|x64.ActiveCfg = Debug|x64
		{C44F4A4B-49B7-4AFA-9E10-69EF7BEFD53C}.Debug|x64.Build.0 = Debug|x64
		{C44F4A4B-49B7-4AFA-9E10-69EF7BEFD53C}.Debug|x86.ActiveCfg = Debug|Win32
		{C44F4A4B-49B7-4AFA-9E10-69EF7BEFD53C}.Debug|x86.Build.0 = Debug|Win32
		{C44F4A4B-49B7-4AFA-9E10-69EF7BEFD53C}.Release|x64.ActiveCfg = Release|x64
		{C44F4A4B-49B7-4AFA-9E10-69EF7BEFD53C}.Release|x64.Build.0 = Release|x64
		{C44F4A4B-49B7-4AFA-9E10-69EF7BEFD53C}.Release|x86.ActiveCfg = Release|Win32
		{C44F4A4B-49B7-4AFA-9E10-69EF7BEFD53C}.Release|x86.Build.0 = Release|Win32
		{4FCD590A-4879-4168-B090-7C6F91D2B835}.Debug|x64.ActiveCfg = Debug|x64
		{4FCD590A-4879-4168-B090-7C6F91D2B835}.Debug|x64.Build.0 = Debug|x64
		{4FCD590A-4879-4168-B090-7C6F91D2B835}.Debug|x86.ActiveCfg = Debug|Win32
		{4FCD590A-4879-4168-B090-7C6F91D2B835}.Debug|x86.Build.0 = Debug|Win32
		{4FCD590A-4879-4168-B090-7C6F91D2B835}.Release|x64.ActiveCfg = Release|x64
		{4FCD590A-4879-4168-B090-7C6F91D2B835}.Release|x64.Build.0 = Release|x64
		{4FCD590A-4879-4168-B090-7C6F91D2B835}.Release|x86.ActiveCfg = Release|Win32
		{4FCD590A-4879-4168-B090-7C6F91D2B835}.Release|x86.Build.0 = Release|Win32
		{310DC65B-F4A1-4D59-9F26-C96F223A75CE}.Debug|x64.ActiveCfg = Debug|x64
		{310DC65B-F4A1-4D59-9F26-C96F223A75CE}.Debug|x64.Build.0 = Debug|x64
		{310DC65B-F4A1-4D59-9F26-C96F223A75CE}.Debug|x86.ActiveCfg = Debug|Win32
		{310DC65B-F4A1-4D59-9F26-C96F223A75CE}.Debug|x86.Build.0 = Debug|Win32
		{310DC65B-F4A1-4D59-9F26-C96F223A75CE}.Release|x64.ActiveCfg = Release|x64
		{310DC65B-F4A1-4D59-9F26-C96F223A75CE}.Release|x64.Build.0 = Release|x64
		{310DC65B-F4A1-4D59-9F26-C96F223A75CE}.Release|x86.ActiveCfg = Release|Win32
		{310DC65B-F4A1-4D59-9F26-C96F223A75CE}.Release|x86.Build.0 = Release|Win32
		{84AAC600-AB85-442F-B6DA-F9CF62875576}.Debug|x64.ActiveCfg = Debug|x64
		{84AAC600-AB85-442F-B6DA-F9CF62875576}.Debug|x64.Build.0 = Debug|x64
		{84AAC600-AB85-442F-B6DA-F9CF62875576}.Debug|x86.ActiveCfg = Debug|Win32
		{84AAC600-AB85-442F-B6DA-F9CF62875576}.Debug|x86.Build.0 = Debug|Win32
		{84AAC600-AB85-442F-B6DA-F9CF62875576}.Release|x64.ActiveCfg = Release|x64
		{84AAC600-AB85-442F-B6DA-F9CF62875576}.Release|x64.Build.0 = Release|x64
		{84AAC600-AB85-442F-B6DA-F9CF62875576}.Release|x86.ActiveCfg = Release|Win32
		{84AAC600-AB85-442F-B6DA-F9CF62875576}.Release|x86.Build.0 = Release|Win32
	EndGlobalSection
	GlobalSection(SolutionProperties) = preSolution
		HideSolutionNode = FALSE
	EndGlobalSection
	GlobalSection(NestedProjects) = preSolution
		{BA0F0C5F-04D5-43AF-9CFF-2B7A322570CD} = {80D51FB8-FEE5-4022-A587-749E6845E8A7}
		{FD1C9798-487D-4464-A9F9-5FD490E1136A} = {80D51FB8-FEE5-4022-A587-749E6845E8A7}
		{05441C94-8095-4CC4-BBFA-532A7CA505DC} = {C37FC744-3470-4970-A801-5E7CF3BF9D89}
		{F98B0164-10CF-491C-ADED-608F8A390E2D} = {C37FC744-3470-4970-A801-5E7CF3BF9D89}
		{5EDFCBD3-26B0-4A17-BFC6-0EADE9774733} = {C37FC744-3470-4970-A801-5E7CF3BF9D89}
		{4CE63344-4F15-461B-BAD9-427F77ADBF05} = {3CC2E5F1-5934-484D-B70D-A15F81BFD6AA}
		{77FBB5E2-85F5-4318-9DD6-48EC99E1689B} = {3CC2E5F1-5934-484D-B70D-A15F81BFD6AA}
		{26EAC8B9-889A-4EC5-BD08-E7A399A83120} = {3CC2E5F1-5934-484D-B70D-A15F81BFD6AA}
		{AD3661B2-35F5-4C16-9FC5-E6496C176435} = {0E111C18-C0AB-4A25-8C47-2034601465D0}
		{E9A48A8A-45D0-443D-9E4E-A574909D3351} = {0E111C18-C0AB-4A25-8C47-2034601465D0}
		{58E09AC6-6EA4-495E-9995-FE1EE9340093} = {0E111C18-C0AB-4A25-8C47-2034601465D0}
		{A0E07257-1051-4620-AB76-D1093E0590D4} = {0E111C18-C0AB-4A25-8C47-2034601465D0}
		{4F3A4E9D-3E27-494B-BDF6-79430006B0F4} = {0E111C18-C0AB-4A25-8C47-2034601465D0}
		{D0C47BE1-6557-41D6-92CF-BDEBABB2A841} = {7906D7B4-6FDD-47FE-9085-E1B74F33A86C}
		{441F7FF2-71D3-4469-9AEF-B428CDA4F4EA} = {A31F8C4A-0D7F-4ABD-98D1-A807AE074BC7}
		{C44F4A4B-49B7-4AFA-9E10-69EF7BEFD53C} = {A31F8C4A-0D7F-4ABD-98D1-A807AE074BC7}
		{4FCD590A-4879-4168-B090-7C6F91D2B835} = {A31F8C4A-0D7F-4ABD-98D1-A807AE074BC7}
		{310DC65B-F4A1-4D59-9F26-C96F223A75CE} = {02BAC693-E18F-4361-B909-0F08C796A3F5}
		{84AAC600-AB85-442F-B6DA-F9CF62875576} = {02BAC693-E18F-4361-B909-0F08C796A3F5}
	EndGlobalSection
	GlobalSection(ExtensibilityGlobals) = postSolution
		SolutionGuid = {815D8DAA-7ED1-4F3F-BE05-60889DB2BCD5}
	EndGlobalSection
EndGlobal
