
Microsoft Visual Studio Solution File, Format Version 12.00
# Visual Studio Version 16
VisualStudioVersion = 16.0.29709.97
MinimumVisualStudioVersion = 10.0.40219.1
Project("{2150E333-8FDC-42A3-9474-1A3956D46DE8}") = "Ch01", "Ch01", "{80D51FB8-FEE5-4022-A587-749E6845E8A7}"
EndProject
Project("{8BC9CEB8-8B4A-11D0-8D11-00A0C91BC942}") = "firstApp", "firstApp\firstApp.vcxproj", "{BA0F0C5F-04D5-43AF-9CFF-2B7A322570CD}"
EndProject
Project("{8BC9CEB8-8B4A-11D0-8D11-00A0C91BC942}") = "TemplateTest", "TemplateTest\TemplateTest.vcxproj", "{FD1C9798-487D-4464-A9F9-5FD490E1136A}"
EndProject
Project("{2150E333-8FDC-42A3-9474-1A3956D46DE8}") = "Ch03", "Ch03", "{C37FC744-3470-4970-A801-5E7CF3BF9D89}"
EndProject
Project("{8BC9CEB8-8B4A-11D0-8D11-00A0C91BC942}") = "VarTest1", "VarTest1\VarTest1.vcxproj", "{05441C94-8095-4CC4-BBFA-532A7CA505DC}"
EndProject
Project("{8BC9CEB8-8B4A-11D0-8D11-00A0C91BC942}") = "String Test", "String Test\String Test.vcxproj", "{F98B0164-10CF-491C-ADED-608F8A390E2D}"
EndProject
Project("{8BC9CEB8-8B4A-11D0-8D11-00A0C91BC942}") = "InputTest", "InputTest\InputTest.vcxproj", "{5EDFCBD3-26B0-4A17-BFC6-0EADE9774733}"
EndProject
Project("{2150E333-8FDC-42A3-9474-1A3956D46DE8}") = "Ch04", "Ch04", "{3CC2E5F1-5934-484D-B70D-A15F81BFD6AA}"
EndProject
Project("{8BC9CEB8-8B4A-11D0-8D11-00A0C91BC942}") = "DivideTest", "DivideTest\DivideTest.vcxproj", "{4CE63344-4F15-461B-BAD9-427F77ADBF05}"
EndProject
Project("{8BC9CEB8-8B4A-11D0-8D11-00A0C91BC942}") = "CastTest", "CastTest\CastTest.vcxproj", "{77FBB5E2-85F5-4318-9DD6-48EC99E1689B}"
EndProject
Project("{8BC9CEB8-8B4A-11D0-8D11-00A0C91BC942}") = "optestapp", "optestapp\optestapp.vcxproj", "{26EAC8B9-889A-4EC5-BD08-E7A399A83120}"
EndProject
Project("{2150E333-8FDC-42A3-9474-1A3956D46DE8}") = "Ch05", "Ch05", "{0E111C18-C0AB-4A25-8C47-2034601465D0}"
EndProject
Project("{8BC9CEB8-8B4A-11D0-8D11-00A0C91BC942}") = "IfTestApp", "IfTestApp\IfTestApp.vcxproj", "{AD3661B2-35F5-4C16-9FC5-E6496C176435}"
EndProject
Project("{8BC9CEB8-8B4A-11D0-8D11-00A0C91BC942}") = "SwitchTestApp", "SwitchTestApp\SwitchTestApp.vcxproj", "{E9A48A8A-45D0-443D-9E4E-A574909D3351}"
EndProject
Project("{8BC9CEB8-8B4A-11D0-8D11-00A0C91BC942}") = "WhileTestApp", "WhileTestApp\WhileTestApp.vcxproj", "{58E09AC6-6EA4-495E-9995-FE1EE9340093}"
EndProject
Project("{8BC9CEB8-8B4A-11D0-8D11-00A0C91BC942}") = "ForTestApp", "ForTestApp\ForTestApp.vcxproj", "{A0E07257-1051-4620-AB76-D1093E0590D4}"
EndProject
Project("{8BC9CEB8-8B4A-11D0-8D11-00A0C91BC942}") = "MultitableApp", "MultitableApp\MultitableApp.vcxproj", "{4F3A4E9D-3E27-494B-BDF6-79430006B0F4}"
EndProject
Project("{2150E333-8FDC-42A3-9474-1A3956D46DE8}") = "Ch07", "Ch07", "{7906D7B4-6FDD-47FE-9085-E1B74F33A86C}"
EndProject
Project("{8BC9CEB8-8B4A-11D0-8D11-00A0C91BC942}") = "FuncTestApp", "FuncTestApp\FuncTestApp.vcxproj", "{D0C47BE1-6557-41D6-92CF-BDEBABB2A841}"
EndProject
Project("{2150E333-8FDC-42A3-9474-1A3956D46DE8}") = "Ch08", "Ch08", "{A31F8C4A-0D7F-4ABD-98D1-A807AE074BC7}"
EndProject
Project("{8BC9CEB8-8B4A-11D0-8D11-00A0C91BC942}") = "ArrayTestApp", "ArrayTestApp\ArrayTestApp.vcxproj", "{441F7FF2-71D3-4469-9AEF-B428CDA4F4EA}"
EndProject
Project("{8BC9CEB8-8B4A-11D0-8D11-00A0C91BC942}") = "StringTestApp", "ChrArrTestApp\ChrArrTestApp.vcxproj", "{C44F4A4B-49B7-4AFA-9E10-69EF7BEFD53C}"
EndProject
Project("{8BC9CEB8-8B4A-11D0-8D11-00A0C91BC942}") = "확인문제3번", "3\3.vcxproj", "{4FCD590A-4879-4168-B090-7C6F91D2B835}"
EndProject
Project("{2150E333-8FDC-42A3-9474-1A3956D46DE8}") = "Ch09", "Ch09", "{02BAC693-E18F-4361-B909-0F08C796A3F5}"
EndProject
Project("{8BC9CEB8-8B4A-11D0-8D11-00A0C91BC942}") = "PointerTestApp", "PointerTestApp\PointerTestApp.vcxproj", "{310DC65B-F4A1-4D59-9F26-C96F223A75CE}"
EndProject
Project("{8BC9CEB8-8B4A-11D0-8D11-00A0C91BC942}") = "SwapTestApp", "SwapTestApp\SwapTestApp.vcxproj", "{84AAC600-AB85-442F-B6DA-F9CF62875576}"
EndProject
Project("{2150E333-8FDC-42A3-9474-1A3956D46DE8}") = "Ch10", "Ch10", "{877A42B2-8987-49CD-9072-3148C02CE3EF}"
EndProject
Project("{8BC9CEB8-8B4A-11D0-8D11-00A0C91BC942}") = "ArrPtrTestApp", "ArrPtrTestApp\ArrPtrTestApp.vcxproj", "{62E2917A-8392-4B59-A90E-FBD17569F1C2}"
EndProject
Project("{8BC9CEB8-8B4A-11D0-8D11-00A0C91BC942}") = "FindMaxApp", "FindMaxApp\FindMaxApp.vcxproj", "{6727EE4A-E618-40E1-BDFE-8EAA075CB8AF}"
EndProject
Project("{2150E333-8FDC-42A3-9474-1A3956D46DE8}") = "Ch11", "Ch11", "{BC1988F0-F51A-4993-A9DB-8EC5786A403D}"
EndProject
Project("{8BC9CEB8-8B4A-11D0-8D11-00A0C91BC942}") = "CharTestApp", "CharTestApp\CharTestApp.vcxproj", "{AB6E5221-E939-4BA2-AEC2-614F1EBC60AF}"
EndProject
Project("{2150E333-8FDC-42A3-9474-1A3956D46DE8}") = "Ch12", "Ch12", "{0E78B92A-D8AD-40D1-99A3-276A87AAF74D}"
EndProject
Project("{8BC9CEB8-8B4A-11D0-8D11-00A0C91BC942}") = "StrTestApp", "StrTestApp\StrTestApp.vcxproj", "{88B62198-FA30-4D27-80F4-C1942DCD8587}"
EndProject
Project("{2150E333-8FDC-42A3-9474-1A3956D46DE8}") = "Ch13", "Ch13", "{A11A1B72-92CD-4DB4-9136-94E19530125B}"
EndProject
Project("{8BC9CEB8-8B4A-11D0-8D11-00A0C91BC942}") = "VarTestApp", "VarTestApp\VarTestApp.vcxproj", "{70567BA5-0A4A-431A-826B-26F1BC7B5174}"
EndProject
Project("{8BC9CEB8-8B4A-11D0-8D11-00A0C91BC942}") = "StaticValTestApp", "StaticValTestApp\StaticValTestApp.vcxproj", "{C901575A-BF78-4ECE-B295-804656E60754}"
EndProject
Project("{2150E333-8FDC-42A3-9474-1A3956D46DE8}") = "Ch14", "Ch14", "{F024FF43-B721-40FA-BECA-FAE66834B759}"
EndProject
Project("{8BC9CEB8-8B4A-11D0-8D11-00A0C91BC942}") = "SArryTestApp", "SArryTestApp\SArryTestApp.vcxproj", "{AD35FC9B-9D45-450A-A7E0-01F96BEB0B94}"
EndProject
Project("{8BC9CEB8-8B4A-11D0-8D11-00A0C91BC942}") = "ThirdArtApp", "ThirdArtApp\ThirdArtApp.vcxproj", "{BE7470BC-FD30-4AC5-A8B7-C1129F45A51A}"
EndProject
Project("{8BC9CEB8-8B4A-11D0-8D11-00A0C91BC942}") = "StringPtrApp", "StringPtrApp\StringPtrApp.vcxproj", "{F9F11349-077D-4BA5-BD31-E7BD05921798}"
EndProject
Project("{8BC9CEB8-8B4A-11D0-8D11-00A0C91BC942}") = "연습", "연습\연습.vcxproj", "{E8BD8482-68AD-4806-ADDB-EB32BA9299C8}"
EndProject
Project("{8BC9CEB8-8B4A-11D0-8D11-00A0C91BC942}") = "PtrSwapApp", "PtrSwapApp\PtrSwapApp.vcxproj", "{D8D3C116-0775-46F6-816E-CCA21DA7C51D}"
EndProject
Project("{2150E333-8FDC-42A3-9474-1A3956D46DE8}") = "Ch15", "Ch15", "{D7681F6E-4A6A-4F52-8394-B3BD4304320B}"
EndProject
Project("{8BC9CEB8-8B4A-11D0-8D11-00A0C91BC942}") = "FuncPtrApp", "FuncPtrApp\FuncPtrApp.vcxproj", "{59B3B25E-FFFF-4F64-9E99-B2F8981E4E8D}"
EndProject
Project("{8BC9CEB8-8B4A-11D0-8D11-00A0C91BC942}") = "연습1", "연습1\연습1.vcxproj", "{4F250554-4FC5-479E-8077-697EDDE21B05}"
EndProject
Project("{2150E333-8FDC-42A3-9474-1A3956D46DE8}") = "Ch16", "Ch16", "{A5FA599B-5ABB-43F7-9485-839171BC7195}"
EndProject
Project("{8BC9CEB8-8B4A-11D0-8D11-00A0C91BC942}") = "DynamicMemApp", "DynamicMemApp\DynamicMemApp.vcxproj", "{28F31778-15EB-4CB8-8323-60AEDE4A400B}"
EndProject
Project("{8BC9CEB8-8B4A-11D0-8D11-00A0C91BC942}") = "DynamicStrApp", "DynamicStrApp\DynamicStrApp.vcxproj", "{3D9B7149-5FC3-4493-8D16-D31B6B7FA9A6}"
EndProject
Project("{8BC9CEB8-8B4A-11D0-8D11-00A0C91BC942}") = "MainArgApp", "MainArgApp\MainArgApp.vcxproj", "{B11BD217-6D13-4817-92F1-72FC8D5F9159}"
EndProject
Project("{2150E333-8FDC-42A3-9474-1A3956D46DE8}") = "Ch17", "Ch17", "{8A1307F1-FAEC-4076-97C6-948FA03F2EA1}"
EndProject
Project("{8BC9CEB8-8B4A-11D0-8D11-00A0C91BC942}") = "StructTestApp", "StructTestApp\StructTestApp.vcxproj", "{C1DE34EB-BF31-47CF-84CC-3F92BE3FCBFF}"
EndProject
Project("{8BC9CEB8-8B4A-11D0-8D11-00A0C91BC942}") = "VisionApp", "VisionApp\VisionApp.vcxproj", "{825C175C-3A68-4ED0-A556-75D551B63B16}"
EndProject
Project("{8BC9CEB8-8B4A-11D0-8D11-00A0C91BC942}") = "StructPtrApp", "StructPtrApp\StructPtrApp.vcxproj", "{9FBE0A21-4E1C-4EBE-BAC2-25F97ECF0233}"
EndProject
Project("{8BC9CEB8-8B4A-11D0-8D11-00A0C91BC942}") = "LInkedListApp", "LInkedListApp\LInkedListApp.vcxproj", "{0576A614-8CFF-47B6-A6C6-306BCFC4B68A}"
EndProject
Project("{8BC9CEB8-8B4A-11D0-8D11-00A0C91BC942}") = "UnionApp", "UnionApp\UnionApp.vcxproj", "{94399427-0735-4562-88D5-078F760D7FC9}"
EndProject
Project("{2150E333-8FDC-42A3-9474-1A3956D46DE8}") = "Ch18", "Ch18", "{C0C311E0-921F-4F9D-B8A3-338276D20787}"
EndProject
Project("{8BC9CEB8-8B4A-11D0-8D11-00A0C91BC942}") = "FileTestApp", "FileTestApp\FileTestApp.vcxproj", "{CDF94A24-CF09-49DB-B1DE-A04CE2386CA9}"
EndProject
Project("{8BC9CEB8-8B4A-11D0-8D11-00A0C91BC942}") = "FIleCopyApp", "FIleCopyApp\FIleCopyApp.vcxproj", "{602430CB-1324-41FC-B6A8-E71CD91C024E}"
EndProject
Project("{8BC9CEB8-8B4A-11D0-8D11-00A0C91BC942}") = "FIleBufferErrApp", "FIleBufferErrApp\FIleBufferErrApp.vcxproj", "{1CF0F667-C523-4CF9-A025-3B55406AC1E9}"
EndProject
Project("{2150E333-8FDC-42A3-9474-1A3956D46DE8}") = "Ch19", "Ch19", "{0B39F135-A9C0-4A25-B984-590171680D05}"
EndProject
Project("{8BC9CEB8-8B4A-11D0-8D11-00A0C91BC942}") = "StandardApp", "StandardApp\StandardApp.vcxproj", "{05D3D941-4C9C-4214-8C1F-9D20A2A80FCF}"
EndProject
Project("{8BC9CEB8-8B4A-11D0-8D11-00A0C91BC942}") = "MacroApp", "MacroApp\MacroApp.vcxproj", "{F2AF0B44-4A4D-4E5F-97BB-F3CB389C1E56}"
EndProject
Project("{8BC9CEB8-8B4A-11D0-8D11-00A0C91BC942}") = "DivideSrcApp", "DivideSrcApp\DivideSrcApp.vcxproj", "{F40C9D5E-B4D3-4EA4-B5F7-4F1045D7943C}"
EndProject
Project("{8BC9CEB8-8B4A-11D0-8D11-00A0C91BC942}") = "ExternStaticApp", "ExternApp\ExternApp.vcxproj", "{704284E2-694D-48EB-A87F-7E2427A1E97A}"
EndProject
Project("{8BC9CEB8-8B4A-11D0-8D11-00A0C91BC942}") = "DupTestApp", "DupTestApp\DupTestApp.vcxproj", "{505FB1A5-D673-4FD5-93DE-A5AD8836EAE3}"
EndProject
Project("{2150E333-8FDC-42A3-9474-1A3956D46DE8}") = "Add", "Add", "{693827E8-802B-4813-9F62-A02D11D3E6F8}"
EndProject
Project("{8BC9CEB8-8B4A-11D0-8D11-00A0C91BC942}") = "SelectionSortApp", "SelectionSortApp\SelectionSortApp.vcxproj", "{A1D0E530-B3EB-468C-929C-773618082833}"
EndProject
Project("{2150E333-8FDC-42A3-9474-1A3956D46DE8}") = "ch20", "ch20", "{9B0D2E79-C9F4-4FCE-8453-8542B99FE6DC}"
EndProject
Project("{8BC9CEB8-8B4A-11D0-8D11-00A0C91BC942}") = "CMathLib", "CMathLib\CMathLib.vcxproj", "{DB482262-72FF-488A-A381-144C8FE0F9D4}"
EndProject
Project("{8BC9CEB8-8B4A-11D0-8D11-00A0C91BC942}") = "UsingStaticLibApp", "UsingStaticLibApp\UsingStaticLibApp.vcxproj", "{93C958FD-A0DB-41A0-9BA1-B6225CAEEB43}"
EndProject
Project("{8BC9CEB8-8B4A-11D0-8D11-00A0C91BC942}") = "MyMathLib", "MyMathLib\MyMathLib.vcxproj", "{D5FB6B13-AB82-4587-8186-5239D559DE86}"
EndProject
Project("{8BC9CEB8-8B4A-11D0-8D11-00A0C91BC942}") = "UsingDynamicApp", "UsingDynamicApp\UsingDynamicApp.vcxproj", "{EB6732C1-2B8F-46FC-B0FE-18CD185087CD}"
EndProject
Project("{8BC9CEB8-8B4A-11D0-8D11-00A0C91BC942}") = "MySqlTestApp", "MySqlTestApp\MySqlTestApp.vcxproj", "{1B1F5E1D-F186-4310-9CB6-D16E38551579}"
EndProject
Project("{2150E333-8FDC-42A3-9474-1A3956D46DE8}") = "Ch21", "Ch21", "{284881CC-44FB-4D30-B245-9B23274CCE95}"
EndProject
Project("{8BC9CEB8-8B4A-11D0-8D11-00A0C91BC942}") = "JasonSimpleParser", "JasonSimpleParser\JasonSimpleParser.vcxproj", "{3D680B32-25C1-4BBB-8FC1-9F4AE04FF555}"
EndProject
Project("{8BC9CEB8-8B4A-11D0-8D11-00A0C91BC942}") = "UsingParsonApp", "UsingParsonApp\UsingParsonApp.vcxproj", "{8670976D-8F01-415C-A313-04913169EC40}"
EndProject
Project("{2150E333-8FDC-42A3-9474-1A3956D46DE8}") = "연습문제", "연습문제", "{77BC98EB-E365-4287-BA6F-1CD0DD944942}"
EndProject
Project("{8BC9CEB8-8B4A-11D0-8D11-00A0C91BC942}") = "1", "4장도전\4장도전.vcxproj", "{41B5909A-7209-409C-98A1-1A10104ACBDF}"
EndProject
Project("{2150E333-8FDC-42A3-9474-1A3956D46DE8}") = "exam01", "exam01", "{A8EFFF33-5761-4EA7-A10E-EE6FC02244BD}"
EndProject
Project("{8BC9CEB8-8B4A-11D0-8D11-00A0C91BC942}") = "exam01", "exam02\exam02.vcxproj", "{0D2F09BA-AB3A-4EB9-9501-547CD4EEE28B}"
EndProject
Project("{8BC9CEB8-8B4A-11D0-8D11-00A0C91BC942}") = "정렬 문제", "asdfasdfasdf\asdfasdfasdf.vcxproj", "{06BD33F3-3BF7-40A0-AA71-8B306381E97C}"
EndProject
Project("{2150E333-8FDC-42A3-9474-1A3956D46DE8}") = "자료구조", "자료구조", "{41A95DAD-4BAE-4B48-B53F-DA6AE6E39889}"
EndProject
Project("{8BC9CEB8-8B4A-11D0-8D11-00A0C91BC942}") = "자료구조 문제", "자료구조 문제\자료구조 문제.vcxproj", "{AF05232B-E133-468D-869C-4EA616AA39A6}"
EndProject
Global
	GlobalSection(SolutionConfigurationPlatforms) = preSolution
		Debug|x64 = Debug|x64
		Debug|x86 = Debug|x86
		Release|x64 = Release|x64
		Release|x86 = Release|x86
	EndGlobalSection
	GlobalSection(ProjectConfigurationPlatforms) = postSolution
		{BA0F0C5F-04D5-43AF-9CFF-2B7A322570CD}.Debug|x64.ActiveCfg = Debug|x64
		{BA0F0C5F-04D5-43AF-9CFF-2B7A322570CD}.Debug|x64.Build.0 = Debug|x64
		{BA0F0C5F-04D5-43AF-9CFF-2B7A322570CD}.Debug|x86.ActiveCfg = Debug|Win32
		{BA0F0C5F-04D5-43AF-9CFF-2B7A322570CD}.Debug|x86.Build.0 = Debug|Win32
		{BA0F0C5F-04D5-43AF-9CFF-2B7A322570CD}.Release|x64.ActiveCfg = Release|x64
		{BA0F0C5F-04D5-43AF-9CFF-2B7A322570CD}.Release|x64.Build.0 = Release|x64
		{BA0F0C5F-04D5-43AF-9CFF-2B7A322570CD}.Release|x86.ActiveCfg = Release|Win32
		{BA0F0C5F-04D5-43AF-9CFF-2B7A322570CD}.Release|x86.Build.0 = Release|Win32
		{FD1C9798-487D-4464-A9F9-5FD490E1136A}.Debug|x64.ActiveCfg = Debug|x64
		{FD1C9798-487D-4464-A9F9-5FD490E1136A}.Debug|x64.Build.0 = Debug|x64
		{FD1C9798-487D-4464-A9F9-5FD490E1136A}.Debug|x86.ActiveCfg = Debug|Win32
		{FD1C9798-487D-4464-A9F9-5FD490E1136A}.Debug|x86.Build.0 = Debug|Win32
		{FD1C9798-487D-4464-A9F9-5FD490E1136A}.Release|x64.ActiveCfg = Release|x64
		{FD1C9798-487D-4464-A9F9-5FD490E1136A}.Release|x64.Build.0 = Release|x64
		{FD1C9798-487D-4464-A9F9-5FD490E1136A}.Release|x86.ActiveCfg = Release|Win32
		{FD1C9798-487D-4464-A9F9-5FD490E1136A}.Release|x86.Build.0 = Release|Win32
		{05441C94-8095-4CC4-BBFA-532A7CA505DC}.Debug|x64.ActiveCfg = Debug|x64
		{05441C94-8095-4CC4-BBFA-532A7CA505DC}.Debug|x64.Build.0 = Debug|x64
		{05441C94-8095-4CC4-BBFA-532A7CA505DC}.Debug|x86.ActiveCfg = Debug|Win32
		{05441C94-8095-4CC4-BBFA-532A7CA505DC}.Debug|x86.Build.0 = Debug|Win32
		{05441C94-8095-4CC4-BBFA-532A7CA505DC}.Release|x64.ActiveCfg = Release|x64
		{05441C94-8095-4CC4-BBFA-532A7CA505DC}.Release|x64.Build.0 = Release|x64
		{05441C94-8095-4CC4-BBFA-532A7CA505DC}.Release|x86.ActiveCfg = Release|Win32
		{05441C94-8095-4CC4-BBFA-532A7CA505DC}.Release|x86.Build.0 = Release|Win32
		{F98B0164-10CF-491C-ADED-608F8A390E2D}.Debug|x64.ActiveCfg = Debug|x64
		{F98B0164-10CF-491C-ADED-608F8A390E2D}.Debug|x64.Build.0 = Debug|x64
		{F98B0164-10CF-491C-ADED-608F8A390E2D}.Debug|x86.ActiveCfg = Debug|Win32
		{F98B0164-10CF-491C-ADED-608F8A390E2D}.Debug|x86.Build.0 = Debug|Win32
		{F98B0164-10CF-491C-ADED-608F8A390E2D}.Release|x64.ActiveCfg = Release|x64
		{F98B0164-10CF-491C-ADED-608F8A390E2D}.Release|x64.Build.0 = Release|x64
		{F98B0164-10CF-491C-ADED-608F8A390E2D}.Release|x86.ActiveCfg = Release|Win32
		{F98B0164-10CF-491C-ADED-608F8A390E2D}.Release|x86.Build.0 = Release|Win32
		{5EDFCBD3-26B0-4A17-BFC6-0EADE9774733}.Debug|x64.ActiveCfg = Debug|x64
		{5EDFCBD3-26B0-4A17-BFC6-0EADE9774733}.Debug|x64.Build.0 = Debug|x64
		{5EDFCBD3-26B0-4A17-BFC6-0EADE9774733}.Debug|x86.ActiveCfg = Debug|Win32
		{5EDFCBD3-26B0-4A17-BFC6-0EADE9774733}.Debug|x86.Build.0 = Debug|Win32
		{5EDFCBD3-26B0-4A17-BFC6-0EADE9774733}.Release|x64.ActiveCfg = Release|x64
		{5EDFCBD3-26B0-4A17-BFC6-0EADE9774733}.Release|x64.Build.0 = Release|x64
		{5EDFCBD3-26B0-4A17-BFC6-0EADE9774733}.Release|x86.ActiveCfg = Release|Win32
		{5EDFCBD3-26B0-4A17-BFC6-0EADE9774733}.Release|x86.Build.0 = Release|Win32
		{4CE63344-4F15-461B-BAD9-427F77ADBF05}.Debug|x64.ActiveCfg = Debug|x64
		{4CE63344-4F15-461B-BAD9-427F77ADBF05}.Debug|x64.Build.0 = Debug|x64
		{4CE63344-4F15-461B-BAD9-427F77ADBF05}.Debug|x86.ActiveCfg = Debug|Win32
		{4CE63344-4F15-461B-BAD9-427F77ADBF05}.Debug|x86.Build.0 = Debug|Win32
		{4CE63344-4F15-461B-BAD9-427F77ADBF05}.Release|x64.ActiveCfg = Release|x64
		{4CE63344-4F15-461B-BAD9-427F77ADBF05}.Release|x64.Build.0 = Release|x64
		{4CE63344-4F15-461B-BAD9-427F77ADBF05}.Release|x86.ActiveCfg = Release|Win32
		{4CE63344-4F15-461B-BAD9-427F77ADBF05}.Release|x86.Build.0 = Release|Win32
		{77FBB5E2-85F5-4318-9DD6-48EC99E1689B}.Debug|x64.ActiveCfg = Debug|x64
		{77FBB5E2-85F5-4318-9DD6-48EC99E1689B}.Debug|x64.Build.0 = Debug|x64
		{77FBB5E2-85F5-4318-9DD6-48EC99E1689B}.Debug|x86.ActiveCfg = Debug|Win32
		{77FBB5E2-85F5-4318-9DD6-48EC99E1689B}.Debug|x86.Build.0 = Debug|Win32
		{77FBB5E2-85F5-4318-9DD6-48EC99E1689B}.Release|x64.ActiveCfg = Release|x64
		{77FBB5E2-85F5-4318-9DD6-48EC99E1689B}.Release|x64.Build.0 = Release|x64
		{77FBB5E2-85F5-4318-9DD6-48EC99E1689B}.Release|x86.ActiveCfg = Release|Win32
		{77FBB5E2-85F5-4318-9DD6-48EC99E1689B}.Release|x86.Build.0 = Release|Win32
		{26EAC8B9-889A-4EC5-BD08-E7A399A83120}.Debug|x64.ActiveCfg = Debug|x64
		{26EAC8B9-889A-4EC5-BD08-E7A399A83120}.Debug|x64.Build.0 = Debug|x64
		{26EAC8B9-889A-4EC5-BD08-E7A399A83120}.Debug|x86.ActiveCfg = Debug|Win32
		{26EAC8B9-889A-4EC5-BD08-E7A399A83120}.Debug|x86.Build.0 = Debug|Win32
		{26EAC8B9-889A-4EC5-BD08-E7A399A83120}.Release|x64.ActiveCfg = Release|x64
		{26EAC8B9-889A-4EC5-BD08-E7A399A83120}.Release|x64.Build.0 = Release|x64
		{26EAC8B9-889A-4EC5-BD08-E7A399A83120}.Release|x86.ActiveCfg = Release|Win32
		{26EAC8B9-889A-4EC5-BD08-E7A399A83120}.Release|x86.Build.0 = Release|Win32
		{AD3661B2-35F5-4C16-9FC5-E6496C176435}.Debug|x64.ActiveCfg = Debug|x64
		{AD3661B2-35F5-4C16-9FC5-E6496C176435}.Debug|x64.Build.0 = Debug|x64
		{AD3661B2-35F5-4C16-9FC5-E6496C176435}.Debug|x86.ActiveCfg = Debug|Win32
		{AD3661B2-35F5-4C16-9FC5-E6496C176435}.Debug|x86.Build.0 = Debug|Win32
		{AD3661B2-35F5-4C16-9FC5-E6496C176435}.Release|x64.ActiveCfg = Release|x64
		{AD3661B2-35F5-4C16-9FC5-E6496C176435}.Release|x64.Build.0 = Release|x64
		{AD3661B2-35F5-4C16-9FC5-E6496C176435}.Release|x86.ActiveCfg = Release|Win32
		{AD3661B2-35F5-4C16-9FC5-E6496C176435}.Release|x86.Build.0 = Release|Win32
		{E9A48A8A-45D0-443D-9E4E-A574909D3351}.Debug|x64.ActiveCfg = Debug|x64
		{E9A48A8A-45D0-443D-9E4E-A574909D3351}.Debug|x64.Build.0 = Debug|x64
		{E9A48A8A-45D0-443D-9E4E-A574909D3351}.Debug|x86.ActiveCfg = Debug|Win32
		{E9A48A8A-45D0-443D-9E4E-A574909D3351}.Debug|x86.Build.0 = Debug|Win32
		{E9A48A8A-45D0-443D-9E4E-A574909D3351}.Release|x64.ActiveCfg = Release|x64
		{E9A48A8A-45D0-443D-9E4E-A574909D3351}.Release|x64.Build.0 = Release|x64
		{E9A48A8A-45D0-443D-9E4E-A574909D3351}.Release|x86.ActiveCfg = Release|Win32
		{E9A48A8A-45D0-443D-9E4E-A574909D3351}.Release|x86.Build.0 = Release|Win32
		{58E09AC6-6EA4-495E-9995-FE1EE9340093}.Debug|x64.ActiveCfg = Debug|x64
		{58E09AC6-6EA4-495E-9995-FE1EE9340093}.Debug|x64.Build.0 = Debug|x64
		{58E09AC6-6EA4-495E-9995-FE1EE9340093}.Debug|x86.ActiveCfg = Debug|Win32
		{58E09AC6-6EA4-495E-9995-FE1EE9340093}.Debug|x86.Build.0 = Debug|Win32
		{58E09AC6-6EA4-495E-9995-FE1EE9340093}.Release|x64.ActiveCfg = Release|x64
		{58E09AC6-6EA4-495E-9995-FE1EE9340093}.Release|x64.Build.0 = Release|x64
		{58E09AC6-6EA4-495E-9995-FE1EE9340093}.Release|x86.ActiveCfg = Release|Win32
		{58E09AC6-6EA4-495E-9995-FE1EE9340093}.Release|x86.Build.0 = Release|Win32
		{A0E07257-1051-4620-AB76-D1093E0590D4}.Debug|x64.ActiveCfg = Debug|x64
		{A0E07257-1051-4620-AB76-D1093E0590D4}.Debug|x64.Build.0 = Debug|x64
		{A0E07257-1051-4620-AB76-D1093E0590D4}.Debug|x86.ActiveCfg = Debug|Win32
		{A0E07257-1051-4620-AB76-D1093E0590D4}.Debug|x86.Build.0 = Debug|Win32
		{A0E07257-1051-4620-AB76-D1093E0590D4}.Release|x64.ActiveCfg = Release|x64
		{A0E07257-1051-4620-AB76-D1093E0590D4}.Release|x64.Build.0 = Release|x64
		{A0E07257-1051-4620-AB76-D1093E0590D4}.Release|x86.ActiveCfg = Release|Win32
		{A0E07257-1051-4620-AB76-D1093E0590D4}.Release|x86.Build.0 = Release|Win32
		{4F3A4E9D-3E27-494B-BDF6-79430006B0F4}.Debug|x64.ActiveCfg = Debug|x64
		{4F3A4E9D-3E27-494B-BDF6-79430006B0F4}.Debug|x64.Build.0 = Debug|x64
		{4F3A4E9D-3E27-494B-BDF6-79430006B0F4}.Debug|x86.ActiveCfg = Debug|Win32
		{4F3A4E9D-3E27-494B-BDF6-79430006B0F4}.Debug|x86.Build.0 = Debug|Win32
		{4F3A4E9D-3E27-494B-BDF6-79430006B0F4}.Release|x64.ActiveCfg = Release|x64
		{4F3A4E9D-3E27-494B-BDF6-79430006B0F4}.Release|x64.Build.0 = Release|x64
		{4F3A4E9D-3E27-494B-BDF6-79430006B0F4}.Release|x86.ActiveCfg = Release|Win32
		{4F3A4E9D-3E27-494B-BDF6-79430006B0F4}.Release|x86.Build.0 = Release|Win32
		{D0C47BE1-6557-41D6-92CF-BDEBABB2A841}.Debug|x64.ActiveCfg = Debug|x64
		{D0C47BE1-6557-41D6-92CF-BDEBABB2A841}.Debug|x64.Build.0 = Debug|x64
		{D0C47BE1-6557-41D6-92CF-BDEBABB2A841}.Debug|x86.ActiveCfg = Debug|Win32
		{D0C47BE1-6557-41D6-92CF-BDEBABB2A841}.Debug|x86.Build.0 = Debug|Win32
		{D0C47BE1-6557-41D6-92CF-BDEBABB2A841}.Release|x64.ActiveCfg = Release|x64
		{D0C47BE1-6557-41D6-92CF-BDEBABB2A841}.Release|x64.Build.0 = Release|x64
		{D0C47BE1-6557-41D6-92CF-BDEBABB2A841}.Release|x86.ActiveCfg = Release|Win32
		{D0C47BE1-6557-41D6-92CF-BDEBABB2A841}.Release|x86.Build.0 = Release|Win32
		{441F7FF2-71D3-4469-9AEF-B428CDA4F4EA}.Debug|x64.ActiveCfg = Debug|x64
		{441F7FF2-71D3-4469-9AEF-B428CDA4F4EA}.Debug|x64.Build.0 = Debug|x64
		{441F7FF2-71D3-4469-9AEF-B428CDA4F4EA}.Debug|x86.ActiveCfg = Debug|Win32
		{441F7FF2-71D3-4469-9AEF-B428CDA4F4EA}.Debug|x86.Build.0 = Debug|Win32
		{441F7FF2-71D3-4469-9AEF-B428CDA4F4EA}.Release|x64.ActiveCfg = Release|x64
		{441F7FF2-71D3-4469-9AEF-B428CDA4F4EA}.Release|x64.Build.0 = Release|x64
		{441F7FF2-71D3-4469-9AEF-B428CDA4F4EA}.Release|x86.ActiveCfg = Release|Win32
		{441F7FF2-71D3-4469-9AEF-B428CDA4F4EA}.Release|x86.Build.0 = Release|Win32
		{C44F4A4B-49B7-4AFA-9E10-69EF7BEFD53C}.Debug|x64.ActiveCfg = Debug|x64
		{C44F4A4B-49B7-4AFA-9E10-69EF7BEFD53C}.Debug|x64.Build.0 = Debug|x64
		{C44F4A4B-49B7-4AFA-9E10-69EF7BEFD53C}.Debug|x86.ActiveCfg = Debug|Win32
		{C44F4A4B-49B7-4AFA-9E10-69EF7BEFD53C}.Debug|x86.Build.0 = Debug|Win32
		{C44F4A4B-49B7-4AFA-9E10-69EF7BEFD53C}.Release|x64.ActiveCfg = Release|x64
		{C44F4A4B-49B7-4AFA-9E10-69EF7BEFD53C}.Release|x64.Build.0 = Release|x64
		{C44F4A4B-49B7-4AFA-9E10-69EF7BEFD53C}.Release|x86.ActiveCfg = Release|Win32
		{C44F4A4B-49B7-4AFA-9E10-69EF7BEFD53C}.Release|x86.Build.0 = Release|Win32
		{4FCD590A-4879-4168-B090-7C6F91D2B835}.Debug|x64.ActiveCfg = Debug|x64
		{4FCD590A-4879-4168-B090-7C6F91D2B835}.Debug|x64.Build.0 = Debug|x64
		{4FCD590A-4879-4168-B090-7C6F91D2B835}.Debug|x86.ActiveCfg = Debug|Win32
		{4FCD590A-4879-4168-B090-7C6F91D2B835}.Debug|x86.Build.0 = Debug|Win32
		{4FCD590A-4879-4168-B090-7C6F91D2B835}.Release|x64.ActiveCfg = Release|x64
		{4FCD590A-4879-4168-B090-7C6F91D2B835}.Release|x64.Build.0 = Release|x64
		{4FCD590A-4879-4168-B090-7C6F91D2B835}.Release|x86.ActiveCfg = Release|Win32
		{4FCD590A-4879-4168-B090-7C6F91D2B835}.Release|x86.Build.0 = Release|Win32
		{310DC65B-F4A1-4D59-9F26-C96F223A75CE}.Debug|x64.ActiveCfg = Debug|x64
		{310DC65B-F4A1-4D59-9F26-C96F223A75CE}.Debug|x64.Build.0 = Debug|x64
		{310DC65B-F4A1-4D59-9F26-C96F223A75CE}.Debug|x86.ActiveCfg = Debug|Win32
		{310DC65B-F4A1-4D59-9F26-C96F223A75CE}.Debug|x86.Build.0 = Debug|Win32
		{310DC65B-F4A1-4D59-9F26-C96F223A75CE}.Release|x64.ActiveCfg = Release|x64
		{310DC65B-F4A1-4D59-9F26-C96F223A75CE}.Release|x64.Build.0 = Release|x64
		{310DC65B-F4A1-4D59-9F26-C96F223A75CE}.Release|x86.ActiveCfg = Release|Win32
		{310DC65B-F4A1-4D59-9F26-C96F223A75CE}.Release|x86.Build.0 = Release|Win32
		{84AAC600-AB85-442F-B6DA-F9CF62875576}.Debug|x64.ActiveCfg = Debug|x64
		{84AAC600-AB85-442F-B6DA-F9CF62875576}.Debug|x64.Build.0 = Debug|x64
		{84AAC600-AB85-442F-B6DA-F9CF62875576}.Debug|x86.ActiveCfg = Debug|Win32
		{84AAC600-AB85-442F-B6DA-F9CF62875576}.Debug|x86.Build.0 = Debug|Win32
		{84AAC600-AB85-442F-B6DA-F9CF62875576}.Release|x64.ActiveCfg = Release|x64
		{84AAC600-AB85-442F-B6DA-F9CF62875576}.Release|x64.Build.0 = Release|x64
		{84AAC600-AB85-442F-B6DA-F9CF62875576}.Release|x86.ActiveCfg = Release|Win32
		{84AAC600-AB85-442F-B6DA-F9CF62875576}.Release|x86.Build.0 = Release|Win32
		{62E2917A-8392-4B59-A90E-FBD17569F1C2}.Debug|x64.ActiveCfg = Debug|x64
		{62E2917A-8392-4B59-A90E-FBD17569F1C2}.Debug|x64.Build.0 = Debug|x64
		{62E2917A-8392-4B59-A90E-FBD17569F1C2}.Debug|x86.ActiveCfg = Debug|Win32
		{62E2917A-8392-4B59-A90E-FBD17569F1C2}.Debug|x86.Build.0 = Debug|Win32
		{62E2917A-8392-4B59-A90E-FBD17569F1C2}.Release|x64.ActiveCfg = Release|x64
		{62E2917A-8392-4B59-A90E-FBD17569F1C2}.Release|x64.Build.0 = Release|x64
		{62E2917A-8392-4B59-A90E-FBD17569F1C2}.Release|x86.ActiveCfg = Release|Win32
		{62E2917A-8392-4B59-A90E-FBD17569F1C2}.Release|x86.Build.0 = Release|Win32
		{6727EE4A-E618-40E1-BDFE-8EAA075CB8AF}.Debug|x64.ActiveCfg = Debug|x64
		{6727EE4A-E618-40E1-BDFE-8EAA075CB8AF}.Debug|x64.Build.0 = Debug|x64
		{6727EE4A-E618-40E1-BDFE-8EAA075CB8AF}.Debug|x86.ActiveCfg = Debug|Win32
		{6727EE4A-E618-40E1-BDFE-8EAA075CB8AF}.Debug|x86.Build.0 = Debug|Win32
		{6727EE4A-E618-40E1-BDFE-8EAA075CB8AF}.Release|x64.ActiveCfg = Release|x64
		{6727EE4A-E618-40E1-BDFE-8EAA075CB8AF}.Release|x64.Build.0 = Release|x64
		{6727EE4A-E618-40E1-BDFE-8EAA075CB8AF}.Release|x86.ActiveCfg = Release|Win32
		{6727EE4A-E618-40E1-BDFE-8EAA075CB8AF}.Release|x86.Build.0 = Release|Win32
		{AB6E5221-E939-4BA2-AEC2-614F1EBC60AF}.Debug|x64.ActiveCfg = Debug|x64
		{AB6E5221-E939-4BA2-AEC2-614F1EBC60AF}.Debug|x64.Build.0 = Debug|x64
		{AB6E5221-E939-4BA2-AEC2-614F1EBC60AF}.Debug|x86.ActiveCfg = Debug|Win32
		{AB6E5221-E939-4BA2-AEC2-614F1EBC60AF}.Debug|x86.Build.0 = Debug|Win32
		{AB6E5221-E939-4BA2-AEC2-614F1EBC60AF}.Release|x64.ActiveCfg = Release|x64
		{AB6E5221-E939-4BA2-AEC2-614F1EBC60AF}.Release|x64.Build.0 = Release|x64
		{AB6E5221-E939-4BA2-AEC2-614F1EBC60AF}.Release|x86.ActiveCfg = Release|Win32
		{AB6E5221-E939-4BA2-AEC2-614F1EBC60AF}.Release|x86.Build.0 = Release|Win32
		{88B62198-FA30-4D27-80F4-C1942DCD8587}.Debug|x64.ActiveCfg = Debug|x64
		{88B62198-FA30-4D27-80F4-C1942DCD8587}.Debug|x64.Build.0 = Debug|x64
		{88B62198-FA30-4D27-80F4-C1942DCD8587}.Debug|x86.ActiveCfg = Debug|Win32
		{88B62198-FA30-4D27-80F4-C1942DCD8587}.Debug|x86.Build.0 = Debug|Win32
		{88B62198-FA30-4D27-80F4-C1942DCD8587}.Release|x64.ActiveCfg = Release|x64
		{88B62198-FA30-4D27-80F4-C1942DCD8587}.Release|x64.Build.0 = Release|x64
		{88B62198-FA30-4D27-80F4-C1942DCD8587}.Release|x86.ActiveCfg = Release|Win32
		{88B62198-FA30-4D27-80F4-C1942DCD8587}.Release|x86.Build.0 = Release|Win32
		{70567BA5-0A4A-431A-826B-26F1BC7B5174}.Debug|x64.ActiveCfg = Debug|x64
		{70567BA5-0A4A-431A-826B-26F1BC7B5174}.Debug|x64.Build.0 = Debug|x64
		{70567BA5-0A4A-431A-826B-26F1BC7B5174}.Debug|x86.ActiveCfg = Debug|Win32
		{70567BA5-0A4A-431A-826B-26F1BC7B5174}.Debug|x86.Build.0 = Debug|Win32
		{70567BA5-0A4A-431A-826B-26F1BC7B5174}.Release|x64.ActiveCfg = Release|x64
		{70567BA5-0A4A-431A-826B-26F1BC7B5174}.Release|x64.Build.0 = Release|x64
		{70567BA5-0A4A-431A-826B-26F1BC7B5174}.Release|x86.ActiveCfg = Release|Win32
		{70567BA5-0A4A-431A-826B-26F1BC7B5174}.Release|x86.Build.0 = Release|Win32
		{C901575A-BF78-4ECE-B295-804656E60754}.Debug|x64.ActiveCfg = Debug|x64
		{C901575A-BF78-4ECE-B295-804656E60754}.Debug|x64.Build.0 = Debug|x64
		{C901575A-BF78-4ECE-B295-804656E60754}.Debug|x86.ActiveCfg = Debug|Win32
		{C901575A-BF78-4ECE-B295-804656E60754}.Debug|x86.Build.0 = Debug|Win32
		{C901575A-BF78-4ECE-B295-804656E60754}.Release|x64.ActiveCfg = Release|x64
		{C901575A-BF78-4ECE-B295-804656E60754}.Release|x64.Build.0 = Release|x64
		{C901575A-BF78-4ECE-B295-804656E60754}.Release|x86.ActiveCfg = Release|Win32
		{C901575A-BF78-4ECE-B295-804656E60754}.Release|x86.Build.0 = Release|Win32
		{AD35FC9B-9D45-450A-A7E0-01F96BEB0B94}.Debug|x64.ActiveCfg = Debug|x64
		{AD35FC9B-9D45-450A-A7E0-01F96BEB0B94}.Debug|x64.Build.0 = Debug|x64
		{AD35FC9B-9D45-450A-A7E0-01F96BEB0B94}.Debug|x86.ActiveCfg = Debug|Win32
		{AD35FC9B-9D45-450A-A7E0-01F96BEB0B94}.Debug|x86.Build.0 = Debug|Win32
		{AD35FC9B-9D45-450A-A7E0-01F96BEB0B94}.Release|x64.ActiveCfg = Release|x64
		{AD35FC9B-9D45-450A-A7E0-01F96BEB0B94}.Release|x64.Build.0 = Release|x64
		{AD35FC9B-9D45-450A-A7E0-01F96BEB0B94}.Release|x86.ActiveCfg = Release|Win32
		{AD35FC9B-9D45-450A-A7E0-01F96BEB0B94}.Release|x86.Build.0 = Release|Win32
		{BE7470BC-FD30-4AC5-A8B7-C1129F45A51A}.Debug|x64.ActiveCfg = Debug|x64
		{BE7470BC-FD30-4AC5-A8B7-C1129F45A51A}.Debug|x64.Build.0 = Debug|x64
		{BE7470BC-FD30-4AC5-A8B7-C1129F45A51A}.Debug|x86.ActiveCfg = Debug|Win32
		{BE7470BC-FD30-4AC5-A8B7-C1129F45A51A}.Debug|x86.Build.0 = Debug|Win32
		{BE7470BC-FD30-4AC5-A8B7-C1129F45A51A}.Release|x64.ActiveCfg = Release|x64
		{BE7470BC-FD30-4AC5-A8B7-C1129F45A51A}.Release|x64.Build.0 = Release|x64
		{BE7470BC-FD30-4AC5-A8B7-C1129F45A51A}.Release|x86.ActiveCfg = Release|Win32
		{BE7470BC-FD30-4AC5-A8B7-C1129F45A51A}.Release|x86.Build.0 = Release|Win32
		{F9F11349-077D-4BA5-BD31-E7BD05921798}.Debug|x64.ActiveCfg = Debug|x64
		{F9F11349-077D-4BA5-BD31-E7BD05921798}.Debug|x64.Build.0 = Debug|x64
		{F9F11349-077D-4BA5-BD31-E7BD05921798}.Debug|x86.ActiveCfg = Debug|Win32
		{F9F11349-077D-4BA5-BD31-E7BD05921798}.Debug|x86.Build.0 = Debug|Win32
		{F9F11349-077D-4BA5-BD31-E7BD05921798}.Release|x64.ActiveCfg = Release|x64
		{F9F11349-077D-4BA5-BD31-E7BD05921798}.Release|x64.Build.0 = Release|x64
		{F9F11349-077D-4BA5-BD31-E7BD05921798}.Release|x86.ActiveCfg = Release|Win32
		{F9F11349-077D-4BA5-BD31-E7BD05921798}.Release|x86.Build.0 = Release|Win32
		{E8BD8482-68AD-4806-ADDB-EB32BA9299C8}.Debug|x64.ActiveCfg = Debug|x64
		{E8BD8482-68AD-4806-ADDB-EB32BA9299C8}.Debug|x64.Build.0 = Debug|x64
		{E8BD8482-68AD-4806-ADDB-EB32BA9299C8}.Debug|x86.ActiveCfg = Debug|Win32
		{E8BD8482-68AD-4806-ADDB-EB32BA9299C8}.Debug|x86.Build.0 = Debug|Win32
		{E8BD8482-68AD-4806-ADDB-EB32BA9299C8}.Release|x64.ActiveCfg = Release|x64
		{E8BD8482-68AD-4806-ADDB-EB32BA9299C8}.Release|x64.Build.0 = Release|x64
		{E8BD8482-68AD-4806-ADDB-EB32BA9299C8}.Release|x86.ActiveCfg = Release|Win32
		{E8BD8482-68AD-4806-ADDB-EB32BA9299C8}.Release|x86.Build.0 = Release|Win32
		{D8D3C116-0775-46F6-816E-CCA21DA7C51D}.Debug|x64.ActiveCfg = Debug|x64
		{D8D3C116-0775-46F6-816E-CCA21DA7C51D}.Debug|x64.Build.0 = Debug|x64
		{D8D3C116-0775-46F6-816E-CCA21DA7C51D}.Debug|x86.ActiveCfg = Debug|Win32
		{D8D3C116-0775-46F6-816E-CCA21DA7C51D}.Debug|x86.Build.0 = Debug|Win32
		{D8D3C116-0775-46F6-816E-CCA21DA7C51D}.Release|x64.ActiveCfg = Release|x64
		{D8D3C116-0775-46F6-816E-CCA21DA7C51D}.Release|x64.Build.0 = Release|x64
		{D8D3C116-0775-46F6-816E-CCA21DA7C51D}.Release|x86.ActiveCfg = Release|Win32
		{D8D3C116-0775-46F6-816E-CCA21DA7C51D}.Release|x86.Build.0 = Release|Win32
		{59B3B25E-FFFF-4F64-9E99-B2F8981E4E8D}.Debug|x64.ActiveCfg = Debug|x64
		{59B3B25E-FFFF-4F64-9E99-B2F8981E4E8D}.Debug|x64.Build.0 = Debug|x64
		{59B3B25E-FFFF-4F64-9E99-B2F8981E4E8D}.Debug|x86.ActiveCfg = Debug|Win32
		{59B3B25E-FFFF-4F64-9E99-B2F8981E4E8D}.Debug|x86.Build.0 = Debug|Win32
		{59B3B25E-FFFF-4F64-9E99-B2F8981E4E8D}.Release|x64.ActiveCfg = Release|x64
		{59B3B25E-FFFF-4F64-9E99-B2F8981E4E8D}.Release|x64.Build.0 = Release|x64
		{59B3B25E-FFFF-4F64-9E99-B2F8981E4E8D}.Release|x86.ActiveCfg = Release|Win32
		{59B3B25E-FFFF-4F64-9E99-B2F8981E4E8D}.Release|x86.Build.0 = Release|Win32
		{4F250554-4FC5-479E-8077-697EDDE21B05}.Debug|x64.ActiveCfg = Debug|x64
		{4F250554-4FC5-479E-8077-697EDDE21B05}.Debug|x64.Build.0 = Debug|x64
		{4F250554-4FC5-479E-8077-697EDDE21B05}.Debug|x86.ActiveCfg = Debug|Win32
		{4F250554-4FC5-479E-8077-697EDDE21B05}.Debug|x86.Build.0 = Debug|Win32
		{4F250554-4FC5-479E-8077-697EDDE21B05}.Release|x64.ActiveCfg = Release|x64
		{4F250554-4FC5-479E-8077-697EDDE21B05}.Release|x64.Build.0 = Release|x64
		{4F250554-4FC5-479E-8077-697EDDE21B05}.Release|x86.ActiveCfg = Release|Win32
		{4F250554-4FC5-479E-8077-697EDDE21B05}.Release|x86.Build.0 = Release|Win32
		{28F31778-15EB-4CB8-8323-60AEDE4A400B}.Debug|x64.ActiveCfg = Debug|x64
		{28F31778-15EB-4CB8-8323-60AEDE4A400B}.Debug|x64.Build.0 = Debug|x64
		{28F31778-15EB-4CB8-8323-60AEDE4A400B}.Debug|x86.ActiveCfg = Debug|Win32
		{28F31778-15EB-4CB8-8323-60AEDE4A400B}.Debug|x86.Build.0 = Debug|Win32
		{28F31778-15EB-4CB8-8323-60AEDE4A400B}.Release|x64.ActiveCfg = Release|x64
		{28F31778-15EB-4CB8-8323-60AEDE4A400B}.Release|x64.Build.0 = Release|x64
		{28F31778-15EB-4CB8-8323-60AEDE4A400B}.Release|x86.ActiveCfg = Release|Win32
		{28F31778-15EB-4CB8-8323-60AEDE4A400B}.Release|x86.Build.0 = Release|Win32
		{3D9B7149-5FC3-4493-8D16-D31B6B7FA9A6}.Debug|x64.ActiveCfg = Debug|x64
		{3D9B7149-5FC3-4493-8D16-D31B6B7FA9A6}.Debug|x64.Build.0 = Debug|x64
		{3D9B7149-5FC3-4493-8D16-D31B6B7FA9A6}.Debug|x86.ActiveCfg = Debug|Win32
		{3D9B7149-5FC3-4493-8D16-D31B6B7FA9A6}.Debug|x86.Build.0 = Debug|Win32
		{3D9B7149-5FC3-4493-8D16-D31B6B7FA9A6}.Release|x64.ActiveCfg = Release|x64
		{3D9B7149-5FC3-4493-8D16-D31B6B7FA9A6}.Release|x64.Build.0 = Release|x64
		{3D9B7149-5FC3-4493-8D16-D31B6B7FA9A6}.Release|x86.ActiveCfg = Release|Win32
		{3D9B7149-5FC3-4493-8D16-D31B6B7FA9A6}.Release|x86.Build.0 = Release|Win32
		{B11BD217-6D13-4817-92F1-72FC8D5F9159}.Debug|x64.ActiveCfg = Debug|x64
		{B11BD217-6D13-4817-92F1-72FC8D5F9159}.Debug|x64.Build.0 = Debug|x64
		{B11BD217-6D13-4817-92F1-72FC8D5F9159}.Debug|x86.ActiveCfg = Debug|Win32
		{B11BD217-6D13-4817-92F1-72FC8D5F9159}.Debug|x86.Build.0 = Debug|Win32
		{B11BD217-6D13-4817-92F1-72FC8D5F9159}.Release|x64.ActiveCfg = Release|x64
		{B11BD217-6D13-4817-92F1-72FC8D5F9159}.Release|x64.Build.0 = Release|x64
		{B11BD217-6D13-4817-92F1-72FC8D5F9159}.Release|x86.ActiveCfg = Release|Win32
		{B11BD217-6D13-4817-92F1-72FC8D5F9159}.Release|x86.Build.0 = Release|Win32
		{C1DE34EB-BF31-47CF-84CC-3F92BE3FCBFF}.Debug|x64.ActiveCfg = Debug|x64
		{C1DE34EB-BF31-47CF-84CC-3F92BE3FCBFF}.Debug|x64.Build.0 = Debug|x64
		{C1DE34EB-BF31-47CF-84CC-3F92BE3FCBFF}.Debug|x86.ActiveCfg = Debug|Win32
		{C1DE34EB-BF31-47CF-84CC-3F92BE3FCBFF}.Debug|x86.Build.0 = Debug|Win32
		{C1DE34EB-BF31-47CF-84CC-3F92BE3FCBFF}.Release|x64.ActiveCfg = Release|x64
		{C1DE34EB-BF31-47CF-84CC-3F92BE3FCBFF}.Release|x64.Build.0 = Release|x64
		{C1DE34EB-BF31-47CF-84CC-3F92BE3FCBFF}.Release|x86.ActiveCfg = Release|Win32
		{C1DE34EB-BF31-47CF-84CC-3F92BE3FCBFF}.Release|x86.Build.0 = Release|Win32
		{825C175C-3A68-4ED0-A556-75D551B63B16}.Debug|x64.ActiveCfg = Debug|x64
		{825C175C-3A68-4ED0-A556-75D551B63B16}.Debug|x64.Build.0 = Debug|x64
		{825C175C-3A68-4ED0-A556-75D551B63B16}.Debug|x86.ActiveCfg = Debug|Win32
		{825C175C-3A68-4ED0-A556-75D551B63B16}.Debug|x86.Build.0 = Debug|Win32
		{825C175C-3A68-4ED0-A556-75D551B63B16}.Release|x64.ActiveCfg = Release|x64
		{825C175C-3A68-4ED0-A556-75D551B63B16}.Release|x64.Build.0 = Release|x64
		{825C175C-3A68-4ED0-A556-75D551B63B16}.Release|x86.ActiveCfg = Release|Win32
		{825C175C-3A68-4ED0-A556-75D551B63B16}.Release|x86.Build.0 = Release|Win32
		{9FBE0A21-4E1C-4EBE-BAC2-25F97ECF0233}.Debug|x64.ActiveCfg = Debug|x64
		{9FBE0A21-4E1C-4EBE-BAC2-25F97ECF0233}.Debug|x64.Build.0 = Debug|x64
		{9FBE0A21-4E1C-4EBE-BAC2-25F97ECF0233}.Debug|x86.ActiveCfg = Debug|Win32
		{9FBE0A21-4E1C-4EBE-BAC2-25F97ECF0233}.Debug|x86.Build.0 = Debug|Win32
		{9FBE0A21-4E1C-4EBE-BAC2-25F97ECF0233}.Release|x64.ActiveCfg = Release|x64
		{9FBE0A21-4E1C-4EBE-BAC2-25F97ECF0233}.Release|x64.Build.0 = Release|x64
		{9FBE0A21-4E1C-4EBE-BAC2-25F97ECF0233}.Release|x86.ActiveCfg = Release|Win32
		{9FBE0A21-4E1C-4EBE-BAC2-25F97ECF0233}.Release|x86.Build.0 = Release|Win32
		{0576A614-8CFF-47B6-A6C6-306BCFC4B68A}.Debug|x64.ActiveCfg = Debug|x64
		{0576A614-8CFF-47B6-A6C6-306BCFC4B68A}.Debug|x64.Build.0 = Debug|x64
		{0576A614-8CFF-47B6-A6C6-306BCFC4B68A}.Debug|x86.ActiveCfg = Debug|Win32
		{0576A614-8CFF-47B6-A6C6-306BCFC4B68A}.Debug|x86.Build.0 = Debug|Win32
		{0576A614-8CFF-47B6-A6C6-306BCFC4B68A}.Release|x64.ActiveCfg = Release|x64
		{0576A614-8CFF-47B6-A6C6-306BCFC4B68A}.Release|x64.Build.0 = Release|x64
		{0576A614-8CFF-47B6-A6C6-306BCFC4B68A}.Release|x86.ActiveCfg = Release|Win32
		{0576A614-8CFF-47B6-A6C6-306BCFC4B68A}.Release|x86.Build.0 = Release|Win32
		{94399427-0735-4562-88D5-078F760D7FC9}.Debug|x64.ActiveCfg = Debug|x64
		{94399427-0735-4562-88D5-078F760D7FC9}.Debug|x64.Build.0 = Debug|x64
		{94399427-0735-4562-88D5-078F760D7FC9}.Debug|x86.ActiveCfg = Debug|Win32
		{94399427-0735-4562-88D5-078F760D7FC9}.Debug|x86.Build.0 = Debug|Win32
		{94399427-0735-4562-88D5-078F760D7FC9}.Release|x64.ActiveCfg = Release|x64
		{94399427-0735-4562-88D5-078F760D7FC9}.Release|x64.Build.0 = Release|x64
		{94399427-0735-4562-88D5-078F760D7FC9}.Release|x86.ActiveCfg = Release|Win32
		{94399427-0735-4562-88D5-078F760D7FC9}.Release|x86.Build.0 = Release|Win32
		{CDF94A24-CF09-49DB-B1DE-A04CE2386CA9}.Debug|x64.ActiveCfg = Debug|x64
		{CDF94A24-CF09-49DB-B1DE-A04CE2386CA9}.Debug|x64.Build.0 = Debug|x64
		{CDF94A24-CF09-49DB-B1DE-A04CE2386CA9}.Debug|x86.ActiveCfg = Debug|Win32
		{CDF94A24-CF09-49DB-B1DE-A04CE2386CA9}.Debug|x86.Build.0 = Debug|Win32
		{CDF94A24-CF09-49DB-B1DE-A04CE2386CA9}.Release|x64.ActiveCfg = Release|x64
		{CDF94A24-CF09-49DB-B1DE-A04CE2386CA9}.Release|x64.Build.0 = Release|x64
		{CDF94A24-CF09-49DB-B1DE-A04CE2386CA9}.Release|x86.ActiveCfg = Release|Win32
		{CDF94A24-CF09-49DB-B1DE-A04CE2386CA9}.Release|x86.Build.0 = Release|Win32
		{602430CB-1324-41FC-B6A8-E71CD91C024E}.Debug|x64.ActiveCfg = Debug|x64
		{602430CB-1324-41FC-B6A8-E71CD91C024E}.Debug|x64.Build.0 = Debug|x64
		{602430CB-1324-41FC-B6A8-E71CD91C024E}.Debug|x86.ActiveCfg = Debug|Win32
		{602430CB-1324-41FC-B6A8-E71CD91C024E}.Debug|x86.Build.0 = Debug|Win32
		{602430CB-1324-41FC-B6A8-E71CD91C024E}.Release|x64.ActiveCfg = Release|x64
		{602430CB-1324-41FC-B6A8-E71CD91C024E}.Release|x64.Build.0 = Release|x64
		{602430CB-1324-41FC-B6A8-E71CD91C024E}.Release|x86.ActiveCfg = Release|Win32
		{602430CB-1324-41FC-B6A8-E71CD91C024E}.Release|x86.Build.0 = Release|Win32
		{1CF0F667-C523-4CF9-A025-3B55406AC1E9}.Debug|x64.ActiveCfg = Debug|x64
		{1CF0F667-C523-4CF9-A025-3B55406AC1E9}.Debug|x64.Build.0 = Debug|x64
		{1CF0F667-C523-4CF9-A025-3B55406AC1E9}.Debug|x86.ActiveCfg = Debug|Win32
		{1CF0F667-C523-4CF9-A025-3B55406AC1E9}.Debug|x86.Build.0 = Debug|Win32
		{1CF0F667-C523-4CF9-A025-3B55406AC1E9}.Release|x64.ActiveCfg = Release|x64
		{1CF0F667-C523-4CF9-A025-3B55406AC1E9}.Release|x64.Build.0 = Release|x64
		{1CF0F667-C523-4CF9-A025-3B55406AC1E9}.Release|x86.ActiveCfg = Release|Win32
		{1CF0F667-C523-4CF9-A025-3B55406AC1E9}.Release|x86.Build.0 = Release|Win32
		{05D3D941-4C9C-4214-8C1F-9D20A2A80FCF}.Debug|x64.ActiveCfg = Debug|x64
		{05D3D941-4C9C-4214-8C1F-9D20A2A80FCF}.Debug|x64.Build.0 = Debug|x64
		{05D3D941-4C9C-4214-8C1F-9D20A2A80FCF}.Debug|x86.ActiveCfg = Debug|Win32
		{05D3D941-4C9C-4214-8C1F-9D20A2A80FCF}.Debug|x86.Build.0 = Debug|Win32
		{05D3D941-4C9C-4214-8C1F-9D20A2A80FCF}.Release|x64.ActiveCfg = Release|x64
		{05D3D941-4C9C-4214-8C1F-9D20A2A80FCF}.Release|x64.Build.0 = Release|x64
		{05D3D941-4C9C-4214-8C1F-9D20A2A80FCF}.Release|x86.ActiveCfg = Release|Win32
		{05D3D941-4C9C-4214-8C1F-9D20A2A80FCF}.Release|x86.Build.0 = Release|Win32
		{F2AF0B44-4A4D-4E5F-97BB-F3CB389C1E56}.Debug|x64.ActiveCfg = Debug|x64
		{F2AF0B44-4A4D-4E5F-97BB-F3CB389C1E56}.Debug|x64.Build.0 = Debug|x64
		{F2AF0B44-4A4D-4E5F-97BB-F3CB389C1E56}.Debug|x86.ActiveCfg = Debug|Win32
		{F2AF0B44-4A4D-4E5F-97BB-F3CB389C1E56}.Debug|x86.Build.0 = Debug|Win32
		{F2AF0B44-4A4D-4E5F-97BB-F3CB389C1E56}.Release|x64.ActiveCfg = Release|x64
		{F2AF0B44-4A4D-4E5F-97BB-F3CB389C1E56}.Release|x64.Build.0 = Release|x64
		{F2AF0B44-4A4D-4E5F-97BB-F3CB389C1E56}.Release|x86.ActiveCfg = Release|Win32
		{F2AF0B44-4A4D-4E5F-97BB-F3CB389C1E56}.Release|x86.Build.0 = Release|Win32
		{F40C9D5E-B4D3-4EA4-B5F7-4F1045D7943C}.Debug|x64.ActiveCfg = Debug|x64
		{F40C9D5E-B4D3-4EA4-B5F7-4F1045D7943C}.Debug|x64.Build.0 = Debug|x64
		{F40C9D5E-B4D3-4EA4-B5F7-4F1045D7943C}.Debug|x86.ActiveCfg = Debug|Win32
		{F40C9D5E-B4D3-4EA4-B5F7-4F1045D7943C}.Debug|x86.Build.0 = Debug|Win32
		{F40C9D5E-B4D3-4EA4-B5F7-4F1045D7943C}.Release|x64.ActiveCfg = Release|x64
		{F40C9D5E-B4D3-4EA4-B5F7-4F1045D7943C}.Release|x64.Build.0 = Release|x64
		{F40C9D5E-B4D3-4EA4-B5F7-4F1045D7943C}.Release|x86.ActiveCfg = Release|Win32
		{F40C9D5E-B4D3-4EA4-B5F7-4F1045D7943C}.Release|x86.Build.0 = Release|Win32
		{704284E2-694D-48EB-A87F-7E2427A1E97A}.Debug|x64.ActiveCfg = Debug|x64
		{704284E2-694D-48EB-A87F-7E2427A1E97A}.Debug|x64.Build.0 = Debug|x64
		{704284E2-694D-48EB-A87F-7E2427A1E97A}.Debug|x86.ActiveCfg = Debug|Win32
		{704284E2-694D-48EB-A87F-7E2427A1E97A}.Debug|x86.Build.0 = Debug|Win32
		{704284E2-694D-48EB-A87F-7E2427A1E97A}.Release|x64.ActiveCfg = Release|x64
		{704284E2-694D-48EB-A87F-7E2427A1E97A}.Release|x64.Build.0 = Release|x64
		{704284E2-694D-48EB-A87F-7E2427A1E97A}.Release|x86.ActiveCfg = Release|Win32
		{704284E2-694D-48EB-A87F-7E2427A1E97A}.Release|x86.Build.0 = Release|Win32
		{505FB1A5-D673-4FD5-93DE-A5AD8836EAE3}.Debug|x64.ActiveCfg = Debug|x64
		{505FB1A5-D673-4FD5-93DE-A5AD8836EAE3}.Debug|x64.Build.0 = Debug|x64
		{505FB1A5-D673-4FD5-93DE-A5AD8836EAE3}.Debug|x86.ActiveCfg = Debug|Win32
		{505FB1A5-D673-4FD5-93DE-A5AD8836EAE3}.Debug|x86.Build.0 = Debug|Win32
		{505FB1A5-D673-4FD5-93DE-A5AD8836EAE3}.Release|x64.ActiveCfg = Release|x64
		{505FB1A5-D673-4FD5-93DE-A5AD8836EAE3}.Release|x64.Build.0 = Release|x64
		{505FB1A5-D673-4FD5-93DE-A5AD8836EAE3}.Release|x86.ActiveCfg = Release|Win32
		{505FB1A5-D673-4FD5-93DE-A5AD8836EAE3}.Release|x86.Build.0 = Release|Win32
		{A1D0E530-B3EB-468C-929C-773618082833}.Debug|x64.ActiveCfg = Debug|x64
		{A1D0E530-B3EB-468C-929C-773618082833}.Debug|x64.Build.0 = Debug|x64
		{A1D0E530-B3EB-468C-929C-773618082833}.Debug|x86.ActiveCfg = Debug|Win32
		{A1D0E530-B3EB-468C-929C-773618082833}.Debug|x86.Build.0 = Debug|Win32
		{A1D0E530-B3EB-468C-929C-773618082833}.Release|x64.ActiveCfg = Release|x64
		{A1D0E530-B3EB-468C-929C-773618082833}.Release|x64.Build.0 = Release|x64
		{A1D0E530-B3EB-468C-929C-773618082833}.Release|x86.ActiveCfg = Release|Win32
		{A1D0E530-B3EB-468C-929C-773618082833}.Release|x86.Build.0 = Release|Win32
		{DB482262-72FF-488A-A381-144C8FE0F9D4}.Debug|x64.ActiveCfg = Debug|x64
		{DB482262-72FF-488A-A381-144C8FE0F9D4}.Debug|x64.Build.0 = Debug|x64
		{DB482262-72FF-488A-A381-144C8FE0F9D4}.Debug|x86.ActiveCfg = Debug|Win32
		{DB482262-72FF-488A-A381-144C8FE0F9D4}.Debug|x86.Build.0 = Debug|Win32
		{DB482262-72FF-488A-A381-144C8FE0F9D4}.Release|x64.ActiveCfg = Release|x64
		{DB482262-72FF-488A-A381-144C8FE0F9D4}.Release|x64.Build.0 = Release|x64
		{DB482262-72FF-488A-A381-144C8FE0F9D4}.Release|x86.ActiveCfg = Release|Win32
		{DB482262-72FF-488A-A381-144C8FE0F9D4}.Release|x86.Build.0 = Release|Win32
		{93C958FD-A0DB-41A0-9BA1-B6225CAEEB43}.Debug|x64.ActiveCfg = Debug|x64
		{93C958FD-A0DB-41A0-9BA1-B6225CAEEB43}.Debug|x64.Build.0 = Debug|x64
		{93C958FD-A0DB-41A0-9BA1-B6225CAEEB43}.Debug|x86.ActiveCfg = Debug|Win32
		{93C958FD-A0DB-41A0-9BA1-B6225CAEEB43}.Debug|x86.Build.0 = Debug|Win32
		{93C958FD-A0DB-41A0-9BA1-B6225CAEEB43}.Release|x64.ActiveCfg = Release|x64
		{93C958FD-A0DB-41A0-9BA1-B6225CAEEB43}.Release|x64.Build.0 = Release|x64
		{93C958FD-A0DB-41A0-9BA1-B6225CAEEB43}.Release|x86.ActiveCfg = Release|Win32
		{93C958FD-A0DB-41A0-9BA1-B6225CAEEB43}.Release|x86.Build.0 = Release|Win32
		{D5FB6B13-AB82-4587-8186-5239D559DE86}.Debug|x64.ActiveCfg = Debug|x64
		{D5FB6B13-AB82-4587-8186-5239D559DE86}.Debug|x64.Build.0 = Debug|x64
		{D5FB6B13-AB82-4587-8186-5239D559DE86}.Debug|x86.ActiveCfg = Debug|Win32
		{D5FB6B13-AB82-4587-8186-5239D559DE86}.Debug|x86.Build.0 = Debug|Win32
		{D5FB6B13-AB82-4587-8186-5239D559DE86}.Release|x64.ActiveCfg = Release|x64
		{D5FB6B13-AB82-4587-8186-5239D559DE86}.Release|x64.Build.0 = Release|x64
		{D5FB6B13-AB82-4587-8186-5239D559DE86}.Release|x86.ActiveCfg = Release|Win32
		{D5FB6B13-AB82-4587-8186-5239D559DE86}.Release|x86.Build.0 = Release|Win32
		{EB6732C1-2B8F-46FC-B0FE-18CD185087CD}.Debug|x64.ActiveCfg = Debug|x64
		{EB6732C1-2B8F-46FC-B0FE-18CD185087CD}.Debug|x64.Build.0 = Debug|x64
		{EB6732C1-2B8F-46FC-B0FE-18CD185087CD}.Debug|x86.ActiveCfg = Debug|Win32
		{EB6732C1-2B8F-46FC-B0FE-18CD185087CD}.Debug|x86.Build.0 = Debug|Win32
		{EB6732C1-2B8F-46FC-B0FE-18CD185087CD}.Release|x64.ActiveCfg = Release|x64
		{EB6732C1-2B8F-46FC-B0FE-18CD185087CD}.Release|x64.Build.0 = Release|x64
		{EB6732C1-2B8F-46FC-B0FE-18CD185087CD}.Release|x86.ActiveCfg = Release|Win32
		{EB6732C1-2B8F-46FC-B0FE-18CD185087CD}.Release|x86.Build.0 = Release|Win32
		{1B1F5E1D-F186-4310-9CB6-D16E38551579}.Debug|x64.ActiveCfg = Debug|x64
		{1B1F5E1D-F186-4310-9CB6-D16E38551579}.Debug|x64.Build.0 = Debug|x64
		{1B1F5E1D-F186-4310-9CB6-D16E38551579}.Debug|x86.ActiveCfg = Debug|Win32
		{1B1F5E1D-F186-4310-9CB6-D16E38551579}.Debug|x86.Build.0 = Debug|Win32
		{1B1F5E1D-F186-4310-9CB6-D16E38551579}.Release|x64.ActiveCfg = Release|x64
		{1B1F5E1D-F186-4310-9CB6-D16E38551579}.Release|x64.Build.0 = Release|x64
		{1B1F5E1D-F186-4310-9CB6-D16E38551579}.Release|x86.ActiveCfg = Release|Win32
		{1B1F5E1D-F186-4310-9CB6-D16E38551579}.Release|x86.Build.0 = Release|Win32
		{3D680B32-25C1-4BBB-8FC1-9F4AE04FF555}.Debug|x64.ActiveCfg = Debug|x64
		{3D680B32-25C1-4BBB-8FC1-9F4AE04FF555}.Debug|x64.Build.0 = Debug|x64
		{3D680B32-25C1-4BBB-8FC1-9F4AE04FF555}.Debug|x86.ActiveCfg = Debug|Win32
		{3D680B32-25C1-4BBB-8FC1-9F4AE04FF555}.Debug|x86.Build.0 = Debug|Win32
		{3D680B32-25C1-4BBB-8FC1-9F4AE04FF555}.Release|x64.ActiveCfg = Release|x64
		{3D680B32-25C1-4BBB-8FC1-9F4AE04FF555}.Release|x64.Build.0 = Release|x64
		{3D680B32-25C1-4BBB-8FC1-9F4AE04FF555}.Release|x86.ActiveCfg = Release|Win32
		{3D680B32-25C1-4BBB-8FC1-9F4AE04FF555}.Release|x86.Build.0 = Release|Win32
		{8670976D-8F01-415C-A313-04913169EC40}.Debug|x64.ActiveCfg = Debug|x64
		{8670976D-8F01-415C-A313-04913169EC40}.Debug|x64.Build.0 = Debug|x64
		{8670976D-8F01-415C-A313-04913169EC40}.Debug|x86.ActiveCfg = Debug|Win32
		{8670976D-8F01-415C-A313-04913169EC40}.Debug|x86.Build.0 = Debug|Win32
		{8670976D-8F01-415C-A313-04913169EC40}.Release|x64.ActiveCfg = Release|x64
		{8670976D-8F01-415C-A313-04913169EC40}.Release|x64.Build.0 = Release|x64
		{8670976D-8F01-415C-A313-04913169EC40}.Release|x86.ActiveCfg = Release|Win32
		{8670976D-8F01-415C-A313-04913169EC40}.Release|x86.Build.0 = Release|Win32
		{41B5909A-7209-409C-98A1-1A10104ACBDF}.Debug|x64.ActiveCfg = Debug|x64
		{41B5909A-7209-409C-98A1-1A10104ACBDF}.Debug|x64.Build.0 = Debug|x64
		{41B5909A-7209-409C-98A1-1A10104ACBDF}.Debug|x86.ActiveCfg = Debug|Win32
		{41B5909A-7209-409C-98A1-1A10104ACBDF}.Debug|x86.Build.0 = Debug|Win32
		{41B5909A-7209-409C-98A1-1A10104ACBDF}.Release|x64.ActiveCfg = Release|x64
		{41B5909A-7209-409C-98A1-1A10104ACBDF}.Release|x64.Build.0 = Release|x64
		{41B5909A-7209-409C-98A1-1A10104ACBDF}.Release|x86.ActiveCfg = Release|Win32
		{41B5909A-7209-409C-98A1-1A10104ACBDF}.Release|x86.Build.0 = Release|Win32
		{0D2F09BA-AB3A-4EB9-9501-547CD4EEE28B}.Debug|x64.ActiveCfg = Debug|x64
		{0D2F09BA-AB3A-4EB9-9501-547CD4EEE28B}.Debug|x64.Build.0 = Debug|x64
		{0D2F09BA-AB3A-4EB9-9501-547CD4EEE28B}.Debug|x86.ActiveCfg = Debug|Win32
		{0D2F09BA-AB3A-4EB9-9501-547CD4EEE28B}.Debug|x86.Build.0 = Debug|Win32
		{0D2F09BA-AB3A-4EB9-9501-547CD4EEE28B}.Release|x64.ActiveCfg = Release|x64
		{0D2F09BA-AB3A-4EB9-9501-547CD4EEE28B}.Release|x64.Build.0 = Release|x64
		{0D2F09BA-AB3A-4EB9-9501-547CD4EEE28B}.Release|x86.ActiveCfg = Release|Win32
		{0D2F09BA-AB3A-4EB9-9501-547CD4EEE28B}.Release|x86.Build.0 = Release|Win32
		{06BD33F3-3BF7-40A0-AA71-8B306381E97C}.Debug|x64.ActiveCfg = Debug|x64
		{06BD33F3-3BF7-40A0-AA71-8B306381E97C}.Debug|x64.Build.0 = Debug|x64
		{06BD33F3-3BF7-40A0-AA71-8B306381E97C}.Debug|x86.ActiveCfg = Debug|Win32
		{06BD33F3-3BF7-40A0-AA71-8B306381E97C}.Debug|x86.Build.0 = Debug|Win32
		{06BD33F3-3BF7-40A0-AA71-8B306381E97C}.Release|x64.ActiveCfg = Release|x64
		{06BD33F3-3BF7-40A0-AA71-8B306381E97C}.Release|x64.Build.0 = Release|x64
		{06BD33F3-3BF7-40A0-AA71-8B306381E97C}.Release|x86.ActiveCfg = Release|Win32
		{06BD33F3-3BF7-40A0-AA71-8B306381E97C}.Release|x86.Build.0 = Release|Win32
		{AF05232B-E133-468D-869C-4EA616AA39A6}.Debug|x64.ActiveCfg = Debug|x64
		{AF05232B-E133-468D-869C-4EA616AA39A6}.Debug|x64.Build.0 = Debug|x64
		{AF05232B-E133-468D-869C-4EA616AA39A6}.Debug|x86.ActiveCfg = Debug|Win32
		{AF05232B-E133-468D-869C-4EA616AA39A6}.Debug|x86.Build.0 = Debug|Win32
		{AF05232B-E133-468D-869C-4EA616AA39A6}.Release|x64.ActiveCfg = Release|x64
		{AF05232B-E133-468D-869C-4EA616AA39A6}.Release|x64.Build.0 = Release|x64
		{AF05232B-E133-468D-869C-4EA616AA39A6}.Release|x86.ActiveCfg = Release|Win32
		{AF05232B-E133-468D-869C-4EA616AA39A6}.Release|x86.Build.0 = Release|Win32
	EndGlobalSection
	GlobalSection(SolutionProperties) = preSolution
		HideSolutionNode = FALSE
	EndGlobalSection
	GlobalSection(NestedProjects) = preSolution
		{BA0F0C5F-04D5-43AF-9CFF-2B7A322570CD} = {80D51FB8-FEE5-4022-A587-749E6845E8A7}
		{FD1C9798-487D-4464-A9F9-5FD490E1136A} = {80D51FB8-FEE5-4022-A587-749E6845E8A7}
		{05441C94-8095-4CC4-BBFA-532A7CA505DC} = {C37FC744-3470-4970-A801-5E7CF3BF9D89}
		{F98B0164-10CF-491C-ADED-608F8A390E2D} = {C37FC744-3470-4970-A801-5E7CF3BF9D89}
		{5EDFCBD3-26B0-4A17-BFC6-0EADE9774733} = {C37FC744-3470-4970-A801-5E7CF3BF9D89}
		{4CE63344-4F15-461B-BAD9-427F77ADBF05} = {3CC2E5F1-5934-484D-B70D-A15F81BFD6AA}
		{77FBB5E2-85F5-4318-9DD6-48EC99E1689B} = {3CC2E5F1-5934-484D-B70D-A15F81BFD6AA}
		{26EAC8B9-889A-4EC5-BD08-E7A399A83120} = {3CC2E5F1-5934-484D-B70D-A15F81BFD6AA}
		{AD3661B2-35F5-4C16-9FC5-E6496C176435} = {0E111C18-C0AB-4A25-8C47-2034601465D0}
		{E9A48A8A-45D0-443D-9E4E-A574909D3351} = {0E111C18-C0AB-4A25-8C47-2034601465D0}
		{58E09AC6-6EA4-495E-9995-FE1EE9340093} = {0E111C18-C0AB-4A25-8C47-2034601465D0}
		{A0E07257-1051-4620-AB76-D1093E0590D4} = {0E111C18-C0AB-4A25-8C47-2034601465D0}
		{4F3A4E9D-3E27-494B-BDF6-79430006B0F4} = {0E111C18-C0AB-4A25-8C47-2034601465D0}
		{D0C47BE1-6557-41D6-92CF-BDEBABB2A841} = {7906D7B4-6FDD-47FE-9085-E1B74F33A86C}
		{441F7FF2-71D3-4469-9AEF-B428CDA4F4EA} = {A31F8C4A-0D7F-4ABD-98D1-A807AE074BC7}
		{C44F4A4B-49B7-4AFA-9E10-69EF7BEFD53C} = {A31F8C4A-0D7F-4ABD-98D1-A807AE074BC7}
		{4FCD590A-4879-4168-B090-7C6F91D2B835} = {A31F8C4A-0D7F-4ABD-98D1-A807AE074BC7}
		{310DC65B-F4A1-4D59-9F26-C96F223A75CE} = {02BAC693-E18F-4361-B909-0F08C796A3F5}
		{84AAC600-AB85-442F-B6DA-F9CF62875576} = {02BAC693-E18F-4361-B909-0F08C796A3F5}
		{62E2917A-8392-4B59-A90E-FBD17569F1C2} = {877A42B2-8987-49CD-9072-3148C02CE3EF}
		{6727EE4A-E618-40E1-BDFE-8EAA075CB8AF} = {877A42B2-8987-49CD-9072-3148C02CE3EF}
		{AB6E5221-E939-4BA2-AEC2-614F1EBC60AF} = {BC1988F0-F51A-4993-A9DB-8EC5786A403D}
		{88B62198-FA30-4D27-80F4-C1942DCD8587} = {0E78B92A-D8AD-40D1-99A3-276A87AAF74D}
		{70567BA5-0A4A-431A-826B-26F1BC7B5174} = {A11A1B72-92CD-4DB4-9136-94E19530125B}
		{C901575A-BF78-4ECE-B295-804656E60754} = {A11A1B72-92CD-4DB4-9136-94E19530125B}
		{AD35FC9B-9D45-450A-A7E0-01F96BEB0B94} = {F024FF43-B721-40FA-BECA-FAE66834B759}
		{BE7470BC-FD30-4AC5-A8B7-C1129F45A51A} = {F024FF43-B721-40FA-BECA-FAE66834B759}
		{F9F11349-077D-4BA5-BD31-E7BD05921798} = {F024FF43-B721-40FA-BECA-FAE66834B759}
		{E8BD8482-68AD-4806-ADDB-EB32BA9299C8} = {F024FF43-B721-40FA-BECA-FAE66834B759}
		{D8D3C116-0775-46F6-816E-CCA21DA7C51D} = {D7681F6E-4A6A-4F52-8394-B3BD4304320B}
		{59B3B25E-FFFF-4F64-9E99-B2F8981E4E8D} = {D7681F6E-4A6A-4F52-8394-B3BD4304320B}
		{4F250554-4FC5-479E-8077-697EDDE21B05} = {0E78B92A-D8AD-40D1-99A3-276A87AAF74D}
		{28F31778-15EB-4CB8-8323-60AEDE4A400B} = {A5FA599B-5ABB-43F7-9485-839171BC7195}
		{3D9B7149-5FC3-4493-8D16-D31B6B7FA9A6} = {A5FA599B-5ABB-43F7-9485-839171BC7195}
		{B11BD217-6D13-4817-92F1-72FC8D5F9159} = {A5FA599B-5ABB-43F7-9485-839171BC7195}
		{C1DE34EB-BF31-47CF-84CC-3F92BE3FCBFF} = {8A1307F1-FAEC-4076-97C6-948FA03F2EA1}
		{825C175C-3A68-4ED0-A556-75D551B63B16} = {8A1307F1-FAEC-4076-97C6-948FA03F2EA1}
		{9FBE0A21-4E1C-4EBE-BAC2-25F97ECF0233} = {8A1307F1-FAEC-4076-97C6-948FA03F2EA1}
		{0576A614-8CFF-47B6-A6C6-306BCFC4B68A} = {8A1307F1-FAEC-4076-97C6-948FA03F2EA1}
		{94399427-0735-4562-88D5-078F760D7FC9} = {8A1307F1-FAEC-4076-97C6-948FA03F2EA1}
		{CDF94A24-CF09-49DB-B1DE-A04CE2386CA9} = {C0C311E0-921F-4F9D-B8A3-338276D20787}
		{602430CB-1324-41FC-B6A8-E71CD91C024E} = {C0C311E0-921F-4F9D-B8A3-338276D20787}
		{1CF0F667-C523-4CF9-A025-3B55406AC1E9} = {C0C311E0-921F-4F9D-B8A3-338276D20787}
		{05D3D941-4C9C-4214-8C1F-9D20A2A80FCF} = {0B39F135-A9C0-4A25-B984-590171680D05}
		{F2AF0B44-4A4D-4E5F-97BB-F3CB389C1E56} = {0B39F135-A9C0-4A25-B984-590171680D05}
		{F40C9D5E-B4D3-4EA4-B5F7-4F1045D7943C} = {0B39F135-A9C0-4A25-B984-590171680D05}
		{704284E2-694D-48EB-A87F-7E2427A1E97A} = {0B39F135-A9C0-4A25-B984-590171680D05}
		{505FB1A5-D673-4FD5-93DE-A5AD8836EAE3} = {0B39F135-A9C0-4A25-B984-590171680D05}
		{A1D0E530-B3EB-468C-929C-773618082833} = {693827E8-802B-4813-9F62-A02D11D3E6F8}
		{DB482262-72FF-488A-A381-144C8FE0F9D4} = {9B0D2E79-C9F4-4FCE-8453-8542B99FE6DC}
		{93C958FD-A0DB-41A0-9BA1-B6225CAEEB43} = {9B0D2E79-C9F4-4FCE-8453-8542B99FE6DC}
		{D5FB6B13-AB82-4587-8186-5239D559DE86} = {9B0D2E79-C9F4-4FCE-8453-8542B99FE6DC}
		{EB6732C1-2B8F-46FC-B0FE-18CD185087CD} = {9B0D2E79-C9F4-4FCE-8453-8542B99FE6DC}
		{3D680B32-25C1-4BBB-8FC1-9F4AE04FF555} = {284881CC-44FB-4D30-B245-9B23274CCE95}
		{8670976D-8F01-415C-A313-04913169EC40} = {284881CC-44FB-4D30-B245-9B23274CCE95}
		{41B5909A-7209-409C-98A1-1A10104ACBDF} = {77BC98EB-E365-4287-BA6F-1CD0DD944942}
		{0D2F09BA-AB3A-4EB9-9501-547CD4EEE28B} = {A8EFFF33-5761-4EA7-A10E-EE6FC02244BD}
		{06BD33F3-3BF7-40A0-AA71-8B306381E97C} = {41A95DAD-4BAE-4B48-B53F-DA6AE6E39889}
		{AF05232B-E133-468D-869C-4EA616AA39A6} = {41A95DAD-4BAE-4B48-B53F-DA6AE6E39889}
	EndGlobalSection
	GlobalSection(ExtensibilityGlobals) = postSolution
		SolutionGuid = {815D8DAA-7ED1-4F3F-BE05-60889DB2BCD5}
	EndGlobalSection
EndGlobal
